// !$*UTF8*$!
{
	archiveVersion = 1;
	classes = {
	};
	objectVersion = 46;
	objects = {

/* Begin PBXBuildFile section */
		B31E663B1B1E96EE00E70720 /* ZQBaseTableViewCell.m in Sources */ = {isa = PBXBuildFile; fileRef = B31E663A1B1E96EE00E70720 /* ZQBaseTableViewCell.m */; };
		B31E663F1B1E987D00E70720 /* ZQServiceAgencyTableViewCell.m in Sources */ = {isa = PBXBuildFile; fileRef = B31E663E1B1E987D00E70720 /* ZQServiceAgencyTableViewCell.m */; };
		B31E66431B1E99E400E70720 /* ZQBaseTableViewController.m in Sources */ = {isa = PBXBuildFile; fileRef = B31E66421B1E99E400E70720 /* ZQBaseTableViewController.m */; };
		B31E66481B1EA13200E70720 /* ZQEnterpriseCommentViewController.m in Sources */ = {isa = PBXBuildFile; fileRef = B31E66471B1EA13200E70720 /* ZQEnterpriseCommentViewController.m */; };
		B31E664C1B1EAD8500E70720 /* ZQTypeChooseView.m in Sources */ = {isa = PBXBuildFile; fileRef = B31E664B1B1EAD8500E70720 /* ZQTypeChooseView.m */; };
		B31E664F1B1ED93700E70720 /* ZQEnterpriseEvaluateViewController.m in Sources */ = {isa = PBXBuildFile; fileRef = B31E664E1B1ED93700E70720 /* ZQEnterpriseEvaluateViewController.m */; };
		B31E66551B1EDEB700E70720 /* ZQDistrictPostViewController.m in Sources */ = {isa = PBXBuildFile; fileRef = B31E66541B1EDEB700E70720 /* ZQDistrictPostViewController.m */; };
		B31E66581B1EE8E300E70720 /* ZQEvaluateView.m in Sources */ = {isa = PBXBuildFile; fileRef = B31E66571B1EE8E300E70720 /* ZQEvaluateView.m */; };
		B31E665D1B1EF13400E70720 /* ZQEnterpriseDetailInfoTableViewCell.m in Sources */ = {isa = PBXBuildFile; fileRef = B31E665C1B1EF13400E70720 /* ZQEnterpriseDetailInfoTableViewCell.m */; };
		B32603531B21761E001142D5 /* ZQNewestTableViewCell.m in Sources */ = {isa = PBXBuildFile; fileRef = B32603521B21761E001142D5 /* ZQNewestTableViewCell.m */; };
		B32603571B217A92001142D5 /* ZQResponseLabel.m in Sources */ = {isa = PBXBuildFile; fileRef = B32603561B217A92001142D5 /* ZQResponseLabel.m */; };
		B34105521B16A32900C3A079 /* ZQRecommendTableViewCell.m in Sources */ = {isa = PBXBuildFile; fileRef = B34105511B16A32900C3A079 /* ZQRecommendTableViewCell.m */; };
		B34105591B16E71400C3A079 /* YuppySC-Regular.otf in Resources */ = {isa = PBXBuildFile; fileRef = B34105581B16E70500C3A079 /* YuppySC-Regular.otf */; };
		B341055D1B16F35D00C3A079 /* ZQBaseViewController.m in Sources */ = {isa = PBXBuildFile; fileRef = B341055C1B16F35D00C3A079 /* ZQBaseViewController.m */; };
		B34105611B16F97300C3A079 /* LoginCompleteView.m in Sources */ = {isa = PBXBuildFile; fileRef = B34105601B16F97300C3A079 /* LoginCompleteView.m */; };
		B34105671B171CD500C3A079 /* ZQServiceAgencyViewController.m in Sources */ = {isa = PBXBuildFile; fileRef = B34105661B171CD500C3A079 /* ZQServiceAgencyViewController.m */; };
		B341056D1B17206100C3A079 /* ZQEnterpriseResourceViewController.m in Sources */ = {isa = PBXBuildFile; fileRef = B341056C1B17206100C3A079 /* ZQEnterpriseResourceViewController.m */; };
		B34105711B17208F00C3A079 /* ZQBaseExitViewController.m in Sources */ = {isa = PBXBuildFile; fileRef = B34105701B17208F00C3A079 /* ZQBaseExitViewController.m */; };
		B34165901B15971400F9A8ED /* ZQNavigationViewController.m in Sources */ = {isa = PBXBuildFile; fileRef = B341658F1B15971400F9A8ED /* ZQNavigationViewController.m */; };
		B34165941B15A39700F9A8ED /* ZQPageControl.m in Sources */ = {isa = PBXBuildFile; fileRef = B34165931B15A39700F9A8ED /* ZQPageControl.m */; };
		B341659C1B15C44D00F9A8ED /* ZQCollectionContentView.m in Sources */ = {isa = PBXBuildFile; fileRef = B341659B1B15C44D00F9A8ED /* ZQCollectionContentView.m */; };
		B35AD50A1B2043B000AFC6BB /* ZQFilterView.m in Sources */ = {isa = PBXBuildFile; fileRef = B35AD5091B2043B000AFC6BB /* ZQFilterView.m */; };
		B367407C1B1BE71100E74338 /* ZQBatchSndReqInfoViewController.m in Sources */ = {isa = PBXBuildFile; fileRef = B367407B1B1BE71100E74338 /* ZQBatchSndReqInfoViewController.m */; };
		B37235091B212B2400B42AA6 /* ZQFilterButton.m in Sources */ = {isa = PBXBuildFile; fileRef = B37235081B212B2400B42AA6 /* ZQFilterButton.m */; };
		B372350F1B214E7600B42AA6 /* ZQCommentBar.m in Sources */ = {isa = PBXBuildFile; fileRef = B372350E1B214E7600B42AA6 /* ZQCommentBar.m */; };
		B380DCB81B146C97003B0D53 /* main.m in Sources */ = {isa = PBXBuildFile; fileRef = B380DCB71B146C97003B0D53 /* main.m */; };
		B380DCBB1B146C97003B0D53 /* AppDelegate.m in Sources */ = {isa = PBXBuildFile; fileRef = B380DCBA1B146C97003B0D53 /* AppDelegate.m */; };
		B380DCC31B146C97003B0D53 /* Images.xcassets in Resources */ = {isa = PBXBuildFile; fileRef = B380DCC21B146C97003B0D53 /* Images.xcassets */; };
		B380DCD21B146C97003B0D53 /* ____Tests.m in Sources */ = {isa = PBXBuildFile; fileRef = B380DCD11B146C97003B0D53 /* ____Tests.m */; };
		B3856BC11B267F5D009B3FAE /* ZQToolItem.m in Sources */ = {isa = PBXBuildFile; fileRef = B3856BC01B267F5D009B3FAE /* ZQToolItem.m */; };
		B395C2971B1FDCEA00DAE944 /* ZQEnterpriseEvaluateCommentTableViewCell.m in Sources */ = {isa = PBXBuildFile; fileRef = B395C2961B1FDCEA00DAE944 /* ZQEnterpriseEvaluateCommentTableViewCell.m */; };
		B3CC251F1B17F2E8008693E5 /* ZQDistrictResourceViewController.m in Sources */ = {isa = PBXBuildFile; fileRef = B3CC251E1B17F2E8008693E5 /* ZQDistrictResourceViewController.m */; };
		B3CC252B1B17F53F008693E5 /* ZQSpecialSupportViewController.m in Sources */ = {isa = PBXBuildFile; fileRef = B3CC252A1B17F53F008693E5 /* ZQSpecialSupportViewController.m */; };
		B3CC252E1B17F578008693E5 /* ZQPolicyInterpretViewController.m in Sources */ = {isa = PBXBuildFile; fileRef = B3CC252D1B17F578008693E5 /* ZQPolicyInterpretViewController.m */; };
		B3CC25311B17F5A4008693E5 /* ZQExpertPulpitViewController.m in Sources */ = {isa = PBXBuildFile; fileRef = B3CC25301B17F5A4008693E5 /* ZQExpertPulpitViewController.m */; };
		B3CC25491B17FDAC008693E5 /* ZQMyChatViewController.m in Sources */ = {isa = PBXBuildFile; fileRef = B3CC25481B17FDAC008693E5 /* ZQMyChatViewController.m */; };
		B3CC254C1B17FDB6008693E5 /* ZQMyAttentionViewController.m in Sources */ = {isa = PBXBuildFile; fileRef = B3CC254B1B17FDB6008693E5 /* ZQMyAttentionViewController.m */; };
		B3CC254F1B17FDDB008693E5 /* ZQMyDistributionViewController.m in Sources */ = {isa = PBXBuildFile; fileRef = B3CC254E1B17FDDB008693E5 /* ZQMyDistributionViewController.m */; };
		B3CC25521B17FDE9008693E5 /* ZQMyNotificationViewController.m in Sources */ = {isa = PBXBuildFile; fileRef = B3CC25511B17FDE9008693E5 /* ZQMyNotificationViewController.m */; };
		B3CC25551B17FDFB008693E5 /* ZQResourceInfoViewController.m in Sources */ = {isa = PBXBuildFile; fileRef = B3CC25541B17FDFB008693E5 /* ZQResourceInfoViewController.m */; };
		B3CC25581B17FE07008693E5 /* ZQPlatformGuideViewController.m in Sources */ = {isa = PBXBuildFile; fileRef = B3CC25571B17FE07008693E5 /* ZQPlatformGuideViewController.m */; };
		B3CC25691B18069D008693E5 /* ZQUserFeedbackViewController.m in Sources */ = {isa = PBXBuildFile; fileRef = B3CC25681B18069D008693E5 /* ZQUserFeedbackViewController.m */; };
		B3CC256C1B1806AA008693E5 /* ZQAboutViewController.m in Sources */ = {isa = PBXBuildFile; fileRef = B3CC256B1B1806AA008693E5 /* ZQAboutViewController.m */; };
		B3CC256F1B1806D8008693E5 /* ZQDistrictAwardViewController.m in Sources */ = {isa = PBXBuildFile; fileRef = B3CC256E1B1806D8008693E5 /* ZQDistrictAwardViewController.m */; };
		B3CC25731B1806E9008693E5 /* ZQPlatformNotificationViewController.m in Sources */ = {isa = PBXBuildFile; fileRef = B3CC25721B1806E9008693E5 /* ZQPlatformNotificationViewController.m */; };
		B3CC25781B1807A9008693E5 /* ZQVersionUpdateViewController.m in Sources */ = {isa = PBXBuildFile; fileRef = B3CC25771B1807A9008693E5 /* ZQVersionUpdateViewController.m */; };
		B3CC25801B183C43008693E5 /* ZQToolBar.m in Sources */ = {isa = PBXBuildFile; fileRef = B3CC257F1B183C43008693E5 /* ZQToolBar.m */; };
		B3CC258B1B185B12008693E5 /* ZQEnterpriseTableViewCell.m in Sources */ = {isa = PBXBuildFile; fileRef = B3CC258A1B185B12008693E5 /* ZQEnterpriseTableViewCell.m */; };
		B3CC258E1B185DB7008693E5 /* ZQCheckBox.m in Sources */ = {isa = PBXBuildFile; fileRef = B3CC258D1B185DB7008693E5 /* ZQCheckBox.m */; };
		B3D1E7181B1475AD005C14D9 /* StartViewController.m in Sources */ = {isa = PBXBuildFile; fileRef = B3D1E7171B1475AD005C14D9 /* StartViewController.m */; };
		B3D1E71B1B14761C005C14D9 /* UserViewController.m in Sources */ = {isa = PBXBuildFile; fileRef = B3D1E71A1B14761C005C14D9 /* UserViewController.m */; };
		B3D1E71E1B147623005C14D9 /* MoreViewController.m in Sources */ = {isa = PBXBuildFile; fileRef = B3D1E71D1B147623005C14D9 /* MoreViewController.m */; };
		B3D1E7331B147DE9005C14D9 /* CommAlgorithm.m in Sources */ = {isa = PBXBuildFile; fileRef = B3D1E7321B147DE9005C14D9 /* CommAlgorithm.m */; };
		B3E67E1B1B1C0DF800CBF447 /* ZQTypeChooseAlertViewController.m in Sources */ = {isa = PBXBuildFile; fileRef = B3E67E1A1B1C0DF800CBF447 /* ZQTypeChooseAlertViewController.m */; };
		B3E67E241B1C545700CBF447 /* ZQEnterpriseIntroductionViewController.m in Sources */ = {isa = PBXBuildFile; fileRef = B3E67E231B1C545700CBF447 /* ZQEnterpriseIntroductionViewController.m */; };
		B3E67E281B1C573800CBF447 /* ZQEnterpriseIntroductionTableViewCell.m in Sources */ = {isa = PBXBuildFile; fileRef = B3E67E271B1C573800CBF447 /* ZQEnterpriseIntroductionTableViewCell.m */; };
		B3F6C3D21B155285000313C7 /* ZQTabBarViewController.m in Sources */ = {isa = PBXBuildFile; fileRef = B3F6C3D11B155285000313C7 /* ZQTabBarViewController.m */; };
		B3F6C3D51B155357000313C7 /* ZQTabBarItem.m in Sources */ = {isa = PBXBuildFile; fileRef = B3F6C3D41B155357000313C7 /* ZQTabBarItem.m */; };
		B3F6C3D81B155670000313C7 /* ZQMainViewController.m in Sources */ = {isa = PBXBuildFile; fileRef = B3F6C3D71B155670000313C7 /* ZQMainViewController.m */; };
		B3F9B8681B1D7C8900E1B215 /* ZQStarRatingView.m in Sources */ = {isa = PBXBuildFile; fileRef = B3F9B8671B1D7C8900E1B215 /* ZQStarRatingView.m */; };
		B3F9B86C1B1D944900E1B215 /* ZQEntRscDistributeTableViewCell.m in Sources */ = {isa = PBXBuildFile; fileRef = B3F9B86B1B1D944900E1B215 /* ZQEntRscDistributeTableViewCell.m */; };
		B3F9B86F1B1DA57A00E1B215 /* ZQLoadMoreView.m in Sources */ = {isa = PBXBuildFile; fileRef = B3F9B86E1B1DA57A00E1B215 /* ZQLoadMoreView.m */; };
		B3F9B8751B1DB57C00E1B215 /* ZQSpecialSupportTableViewCell.m in Sources */ = {isa = PBXBuildFile; fileRef = B3F9B8741B1DB57C00E1B215 /* ZQSpecialSupportTableViewCell.m */; };
/* End PBXBuildFile section */

/* Begin PBXContainerItemProxy section */
		B380DCCC1B146C97003B0D53 /* PBXContainerItemProxy */ = {
			isa = PBXContainerItemProxy;
			containerPortal = B380DCAA1B146C97003B0D53 /* Project object */;
			proxyType = 1;
			remoteGlobalIDString = B380DCB11B146C97003B0D53;
			remoteInfo = "中企资源";
		};
/* End PBXContainerItemProxy section */

/* Begin PBXFileReference section */
		B31E66391B1E96EE00E70720 /* ZQBaseTableViewCell.h */ = {isa = PBXFileReference; fileEncoding = 4; lastKnownFileType = sourcecode.c.h; path = ZQBaseTableViewCell.h; sourceTree = "<group>"; };
		B31E663A1B1E96EE00E70720 /* ZQBaseTableViewCell.m */ = {isa = PBXFileReference; fileEncoding = 4; lastKnownFileType = sourcecode.c.objc; path = ZQBaseTableViewCell.m; sourceTree = "<group>"; };
		B31E663D1B1E987D00E70720 /* ZQServiceAgencyTableViewCell.h */ = {isa = PBXFileReference; fileEncoding = 4; lastKnownFileType = sourcecode.c.h; path = ZQServiceAgencyTableViewCell.h; sourceTree = "<group>"; };
		B31E663E1B1E987D00E70720 /* ZQServiceAgencyTableViewCell.m */ = {isa = PBXFileReference; fileEncoding = 4; lastKnownFileType = sourcecode.c.objc; path = ZQServiceAgencyTableViewCell.m; sourceTree = "<group>"; };
		B31E66411B1E99E400E70720 /* ZQBaseTableViewController.h */ = {isa = PBXFileReference; fileEncoding = 4; lastKnownFileType = sourcecode.c.h; path = ZQBaseTableViewController.h; sourceTree = "<group>"; };
		B31E66421B1E99E400E70720 /* ZQBaseTableViewController.m */ = {isa = PBXFileReference; fileEncoding = 4; lastKnownFileType = sourcecode.c.objc; path = ZQBaseTableViewController.m; sourceTree = "<group>"; };
		B31E66461B1EA13200E70720 /* ZQEnterpriseCommentViewController.h */ = {isa = PBXFileReference; fileEncoding = 4; lastKnownFileType = sourcecode.c.h; path = ZQEnterpriseCommentViewController.h; sourceTree = "<group>"; };
		B31E66471B1EA13200E70720 /* ZQEnterpriseCommentViewController.m */ = {isa = PBXFileReference; fileEncoding = 4; lastKnownFileType = sourcecode.c.objc; path = ZQEnterpriseCommentViewController.m; sourceTree = "<group>"; };
		B31E664A1B1EAD8500E70720 /* ZQTypeChooseView.h */ = {isa = PBXFileReference; fileEncoding = 4; lastKnownFileType = sourcecode.c.h; path = ZQTypeChooseView.h; sourceTree = "<group>"; };
		B31E664B1B1EAD8500E70720 /* ZQTypeChooseView.m */ = {isa = PBXFileReference; fileEncoding = 4; lastKnownFileType = sourcecode.c.objc; path = ZQTypeChooseView.m; sourceTree = "<group>"; };
		B31E664D1B1ED93700E70720 /* ZQEnterpriseEvaluateViewController.h */ = {isa = PBXFileReference; fileEncoding = 4; lastKnownFileType = sourcecode.c.h; path = ZQEnterpriseEvaluateViewController.h; sourceTree = "<group>"; };
		B31E664E1B1ED93700E70720 /* ZQEnterpriseEvaluateViewController.m */ = {isa = PBXFileReference; fileEncoding = 4; lastKnownFileType = sourcecode.c.objc; path = ZQEnterpriseEvaluateViewController.m; sourceTree = "<group>"; };
		B31E66531B1EDEB700E70720 /* ZQDistrictPostViewController.h */ = {isa = PBXFileReference; fileEncoding = 4; lastKnownFileType = sourcecode.c.h; path = ZQDistrictPostViewController.h; sourceTree = "<group>"; };
		B31E66541B1EDEB700E70720 /* ZQDistrictPostViewController.m */ = {isa = PBXFileReference; fileEncoding = 4; lastKnownFileType = sourcecode.c.objc; path = ZQDistrictPostViewController.m; sourceTree = "<group>"; };
		B31E66561B1EE8E300E70720 /* ZQEvaluateView.h */ = {isa = PBXFileReference; fileEncoding = 4; lastKnownFileType = sourcecode.c.h; path = ZQEvaluateView.h; sourceTree = "<group>"; };
		B31E66571B1EE8E300E70720 /* ZQEvaluateView.m */ = {isa = PBXFileReference; fileEncoding = 4; lastKnownFileType = sourcecode.c.objc; path = ZQEvaluateView.m; sourceTree = "<group>"; };
		B31E665B1B1EF13400E70720 /* ZQEnterpriseDetailInfoTableViewCell.h */ = {isa = PBXFileReference; fileEncoding = 4; lastKnownFileType = sourcecode.c.h; path = ZQEnterpriseDetailInfoTableViewCell.h; sourceTree = "<group>"; };
		B31E665C1B1EF13400E70720 /* ZQEnterpriseDetailInfoTableViewCell.m */ = {isa = PBXFileReference; fileEncoding = 4; lastKnownFileType = sourcecode.c.objc; path = ZQEnterpriseDetailInfoTableViewCell.m; sourceTree = "<group>"; };
		B32603511B21761E001142D5 /* ZQNewestTableViewCell.h */ = {isa = PBXFileReference; fileEncoding = 4; lastKnownFileType = sourcecode.c.h; path = ZQNewestTableViewCell.h; sourceTree = "<group>"; };
		B32603521B21761E001142D5 /* ZQNewestTableViewCell.m */ = {isa = PBXFileReference; fileEncoding = 4; lastKnownFileType = sourcecode.c.objc; path = ZQNewestTableViewCell.m; sourceTree = "<group>"; };
		B32603551B217A92001142D5 /* ZQResponseLabel.h */ = {isa = PBXFileReference; fileEncoding = 4; lastKnownFileType = sourcecode.c.h; path = ZQResponseLabel.h; sourceTree = "<group>"; };
		B32603561B217A92001142D5 /* ZQResponseLabel.m */ = {isa = PBXFileReference; fileEncoding = 4; lastKnownFileType = sourcecode.c.objc; path = ZQResponseLabel.m; sourceTree = "<group>"; };
		B34105501B16A32900C3A079 /* ZQRecommendTableViewCell.h */ = {isa = PBXFileReference; fileEncoding = 4; lastKnownFileType = sourcecode.c.h; path = ZQRecommendTableViewCell.h; sourceTree = "<group>"; };
		B34105511B16A32900C3A079 /* ZQRecommendTableViewCell.m */ = {isa = PBXFileReference; fileEncoding = 4; lastKnownFileType = sourcecode.c.objc; path = ZQRecommendTableViewCell.m; sourceTree = "<group>"; };
		B34105581B16E70500C3A079 /* YuppySC-Regular.otf */ = {isa = PBXFileReference; lastKnownFileType = file; path = "YuppySC-Regular.otf"; sourceTree = "<group>"; };
		B341055B1B16F35D00C3A079 /* ZQBaseViewController.h */ = {isa = PBXFileReference; fileEncoding = 4; lastKnownFileType = sourcecode.c.h; path = ZQBaseViewController.h; sourceTree = "<group>"; };
		B341055C1B16F35D00C3A079 /* ZQBaseViewController.m */ = {isa = PBXFileReference; fileEncoding = 4; lastKnownFileType = sourcecode.c.objc; path = ZQBaseViewController.m; sourceTree = "<group>"; };
		B341055F1B16F97300C3A079 /* LoginCompleteView.h */ = {isa = PBXFileReference; fileEncoding = 4; lastKnownFileType = sourcecode.c.h; path = LoginCompleteView.h; sourceTree = "<group>"; };
		B34105601B16F97300C3A079 /* LoginCompleteView.m */ = {isa = PBXFileReference; fileEncoding = 4; lastKnownFileType = sourcecode.c.objc; path = LoginCompleteView.m; sourceTree = "<group>"; };
		B34105651B171CD500C3A079 /* ZQServiceAgencyViewController.h */ = {isa = PBXFileReference; fileEncoding = 4; lastKnownFileType = sourcecode.c.h; path = ZQServiceAgencyViewController.h; sourceTree = "<group>"; };
		B34105661B171CD500C3A079 /* ZQServiceAgencyViewController.m */ = {isa = PBXFileReference; fileEncoding = 4; lastKnownFileType = sourcecode.c.objc; path = ZQServiceAgencyViewController.m; sourceTree = "<group>"; };
		B341056B1B17206100C3A079 /* ZQEnterpriseResourceViewController.h */ = {isa = PBXFileReference; fileEncoding = 4; lastKnownFileType = sourcecode.c.h; path = ZQEnterpriseResourceViewController.h; sourceTree = "<group>"; };
		B341056C1B17206100C3A079 /* ZQEnterpriseResourceViewController.m */ = {isa = PBXFileReference; fileEncoding = 4; lastKnownFileType = sourcecode.c.objc; path = ZQEnterpriseResourceViewController.m; sourceTree = "<group>"; };
		B341056F1B17208F00C3A079 /* ZQBaseExitViewController.h */ = {isa = PBXFileReference; fileEncoding = 4; lastKnownFileType = sourcecode.c.h; path = ZQBaseExitViewController.h; sourceTree = "<group>"; };
		B34105701B17208F00C3A079 /* ZQBaseExitViewController.m */ = {isa = PBXFileReference; fileEncoding = 4; lastKnownFileType = sourcecode.c.objc; path = ZQBaseExitViewController.m; sourceTree = "<group>"; };
		B341658E1B15971400F9A8ED /* ZQNavigationViewController.h */ = {isa = PBXFileReference; fileEncoding = 4; lastKnownFileType = sourcecode.c.h; path = ZQNavigationViewController.h; sourceTree = "<group>"; };
		B341658F1B15971400F9A8ED /* ZQNavigationViewController.m */ = {isa = PBXFileReference; fileEncoding = 4; lastKnownFileType = sourcecode.c.objc; path = ZQNavigationViewController.m; sourceTree = "<group>"; };
		B34165921B15A39700F9A8ED /* ZQPageControl.h */ = {isa = PBXFileReference; fileEncoding = 4; lastKnownFileType = sourcecode.c.h; path = ZQPageControl.h; sourceTree = "<group>"; };
		B34165931B15A39700F9A8ED /* ZQPageControl.m */ = {isa = PBXFileReference; fileEncoding = 4; lastKnownFileType = sourcecode.c.objc; path = ZQPageControl.m; sourceTree = "<group>"; };
		B341659A1B15C44D00F9A8ED /* ZQCollectionContentView.h */ = {isa = PBXFileReference; fileEncoding = 4; lastKnownFileType = sourcecode.c.h; path = ZQCollectionContentView.h; sourceTree = "<group>"; };
		B341659B1B15C44D00F9A8ED /* ZQCollectionContentView.m */ = {isa = PBXFileReference; fileEncoding = 4; lastKnownFileType = sourcecode.c.objc; path = ZQCollectionContentView.m; sourceTree = "<group>"; };
		B35AD5081B2043B000AFC6BB /* ZQFilterView.h */ = {isa = PBXFileReference; fileEncoding = 4; lastKnownFileType = sourcecode.c.h; path = ZQFilterView.h; sourceTree = "<group>"; };
		B35AD5091B2043B000AFC6BB /* ZQFilterView.m */ = {isa = PBXFileReference; fileEncoding = 4; lastKnownFileType = sourcecode.c.objc; path = ZQFilterView.m; sourceTree = "<group>"; };
		B367407A1B1BE71100E74338 /* ZQBatchSndReqInfoViewController.h */ = {isa = PBXFileReference; fileEncoding = 4; lastKnownFileType = sourcecode.c.h; path = ZQBatchSndReqInfoViewController.h; sourceTree = "<group>"; };
		B367407B1B1BE71100E74338 /* ZQBatchSndReqInfoViewController.m */ = {isa = PBXFileReference; fileEncoding = 4; lastKnownFileType = sourcecode.c.objc; path = ZQBatchSndReqInfoViewController.m; sourceTree = "<group>"; };
		B37235071B212B2400B42AA6 /* ZQFilterButton.h */ = {isa = PBXFileReference; fileEncoding = 4; lastKnownFileType = sourcecode.c.h; path = ZQFilterButton.h; sourceTree = "<group>"; };
		B37235081B212B2400B42AA6 /* ZQFilterButton.m */ = {isa = PBXFileReference; fileEncoding = 4; lastKnownFileType = sourcecode.c.objc; path = ZQFilterButton.m; sourceTree = "<group>"; };
		B372350D1B214E7600B42AA6 /* ZQCommentBar.h */ = {isa = PBXFileReference; fileEncoding = 4; lastKnownFileType = sourcecode.c.h; path = ZQCommentBar.h; sourceTree = "<group>"; };
		B372350E1B214E7600B42AA6 /* ZQCommentBar.m */ = {isa = PBXFileReference; fileEncoding = 4; lastKnownFileType = sourcecode.c.objc; path = ZQCommentBar.m; sourceTree = "<group>"; };
		B380DCB21B146C97003B0D53 /* 中企资源.app */ = {isa = PBXFileReference; explicitFileType = wrapper.application; includeInIndex = 0; path = "中企资源.app"; sourceTree = BUILT_PRODUCTS_DIR; };
		B380DCB61B146C97003B0D53 /* Info.plist */ = {isa = PBXFileReference; lastKnownFileType = text.plist.xml; path = Info.plist; sourceTree = "<group>"; };
		B380DCB71B146C97003B0D53 /* main.m */ = {isa = PBXFileReference; lastKnownFileType = sourcecode.c.objc; path = main.m; sourceTree = "<group>"; };
		B380DCB91B146C97003B0D53 /* AppDelegate.h */ = {isa = PBXFileReference; lastKnownFileType = sourcecode.c.h; path = AppDelegate.h; sourceTree = "<group>"; };
		B380DCBA1B146C97003B0D53 /* AppDelegate.m */ = {isa = PBXFileReference; lastKnownFileType = sourcecode.c.objc; path = AppDelegate.m; sourceTree = "<group>"; };
		B380DCC21B146C97003B0D53 /* Images.xcassets */ = {isa = PBXFileReference; lastKnownFileType = folder.assetcatalog; path = Images.xcassets; sourceTree = "<group>"; };
		B380DCCB1B146C97003B0D53 /* 中企资源Tests.xctest */ = {isa = PBXFileReference; explicitFileType = wrapper.cfbundle; includeInIndex = 0; path = "中企资源Tests.xctest"; sourceTree = BUILT_PRODUCTS_DIR; };
		B380DCD01B146C97003B0D53 /* Info.plist */ = {isa = PBXFileReference; lastKnownFileType = text.plist.xml; path = Info.plist; sourceTree = "<group>"; };
		B380DCD11B146C97003B0D53 /* ____Tests.m */ = {isa = PBXFileReference; lastKnownFileType = sourcecode.c.objc; path = "____Tests.m"; sourceTree = "<group>"; };
		B380DCED1B146E4C003B0D53 /* 中企资源-prefix.pch */ = {isa = PBXFileReference; fileEncoding = 4; lastKnownFileType = sourcecode.c.h; path = "中企资源-prefix.pch"; sourceTree = "<group>"; };
		B3856BBF1B267F5D009B3FAE /* ZQToolItem.h */ = {isa = PBXFileReference; fileEncoding = 4; lastKnownFileType = sourcecode.c.h; path = ZQToolItem.h; sourceTree = "<group>"; };
		B3856BC01B267F5D009B3FAE /* ZQToolItem.m */ = {isa = PBXFileReference; fileEncoding = 4; lastKnownFileType = sourcecode.c.objc; path = ZQToolItem.m; sourceTree = "<group>"; };
		B395C2951B1FDCEA00DAE944 /* ZQEnterpriseEvaluateCommentTableViewCell.h */ = {isa = PBXFileReference; fileEncoding = 4; lastKnownFileType = sourcecode.c.h; path = ZQEnterpriseEvaluateCommentTableViewCell.h; sourceTree = "<group>"; };
		B395C2961B1FDCEA00DAE944 /* ZQEnterpriseEvaluateCommentTableViewCell.m */ = {isa = PBXFileReference; fileEncoding = 4; lastKnownFileType = sourcecode.c.objc; path = ZQEnterpriseEvaluateCommentTableViewCell.m; sourceTree = "<group>"; };
		B3CC251D1B17F2E8008693E5 /* ZQDistrictResourceViewController.h */ = {isa = PBXFileReference; fileEncoding = 4; lastKnownFileType = sourcecode.c.h; path = ZQDistrictResourceViewController.h; sourceTree = "<group>"; };
		B3CC251E1B17F2E8008693E5 /* ZQDistrictResourceViewController.m */ = {isa = PBXFileReference; fileEncoding = 4; lastKnownFileType = sourcecode.c.objc; path = ZQDistrictResourceViewController.m; sourceTree = "<group>"; };
		B3CC25291B17F53F008693E5 /* ZQSpecialSupportViewController.h */ = {isa = PBXFileReference; fileEncoding = 4; lastKnownFileType = sourcecode.c.h; path = ZQSpecialSupportViewController.h; sourceTree = "<group>"; };
		B3CC252A1B17F53F008693E5 /* ZQSpecialSupportViewController.m */ = {isa = PBXFileReference; fileEncoding = 4; lastKnownFileType = sourcecode.c.objc; path = ZQSpecialSupportViewController.m; sourceTree = "<group>"; };
		B3CC252C1B17F578008693E5 /* ZQPolicyInterpretViewController.h */ = {isa = PBXFileReference; fileEncoding = 4; lastKnownFileType = sourcecode.c.h; path = ZQPolicyInterpretViewController.h; sourceTree = "<group>"; };
		B3CC252D1B17F578008693E5 /* ZQPolicyInterpretViewController.m */ = {isa = PBXFileReference; fileEncoding = 4; lastKnownFileType = sourcecode.c.objc; path = ZQPolicyInterpretViewController.m; sourceTree = "<group>"; };
		B3CC252F1B17F5A4008693E5 /* ZQExpertPulpitViewController.h */ = {isa = PBXFileReference; fileEncoding = 4; lastKnownFileType = sourcecode.c.h; path = ZQExpertPulpitViewController.h; sourceTree = "<group>"; };
		B3CC25301B17F5A4008693E5 /* ZQExpertPulpitViewController.m */ = {isa = PBXFileReference; fileEncoding = 4; lastKnownFileType = sourcecode.c.objc; path = ZQExpertPulpitViewController.m; sourceTree = "<group>"; };
		B3CC25471B17FDAC008693E5 /* ZQMyChatViewController.h */ = {isa = PBXFileReference; fileEncoding = 4; lastKnownFileType = sourcecode.c.h; path = ZQMyChatViewController.h; sourceTree = "<group>"; };
		B3CC25481B17FDAC008693E5 /* ZQMyChatViewController.m */ = {isa = PBXFileReference; fileEncoding = 4; lastKnownFileType = sourcecode.c.objc; path = ZQMyChatViewController.m; sourceTree = "<group>"; };
		B3CC254A1B17FDB6008693E5 /* ZQMyAttentionViewController.h */ = {isa = PBXFileReference; fileEncoding = 4; lastKnownFileType = sourcecode.c.h; path = ZQMyAttentionViewController.h; sourceTree = "<group>"; };
		B3CC254B1B17FDB6008693E5 /* ZQMyAttentionViewController.m */ = {isa = PBXFileReference; fileEncoding = 4; lastKnownFileType = sourcecode.c.objc; path = ZQMyAttentionViewController.m; sourceTree = "<group>"; };
		B3CC254D1B17FDDB008693E5 /* ZQMyDistributionViewController.h */ = {isa = PBXFileReference; fileEncoding = 4; lastKnownFileType = sourcecode.c.h; path = ZQMyDistributionViewController.h; sourceTree = "<group>"; };
		B3CC254E1B17FDDB008693E5 /* ZQMyDistributionViewController.m */ = {isa = PBXFileReference; fileEncoding = 4; lastKnownFileType = sourcecode.c.objc; path = ZQMyDistributionViewController.m; sourceTree = "<group>"; };
		B3CC25501B17FDE9008693E5 /* ZQMyNotificationViewController.h */ = {isa = PBXFileReference; fileEncoding = 4; lastKnownFileType = sourcecode.c.h; path = ZQMyNotificationViewController.h; sourceTree = "<group>"; };
		B3CC25511B17FDE9008693E5 /* ZQMyNotificationViewController.m */ = {isa = PBXFileReference; fileEncoding = 4; lastKnownFileType = sourcecode.c.objc; path = ZQMyNotificationViewController.m; sourceTree = "<group>"; };
		B3CC25531B17FDFB008693E5 /* ZQResourceInfoViewController.h */ = {isa = PBXFileReference; fileEncoding = 4; lastKnownFileType = sourcecode.c.h; path = ZQResourceInfoViewController.h; sourceTree = "<group>"; };
		B3CC25541B17FDFB008693E5 /* ZQResourceInfoViewController.m */ = {isa = PBXFileReference; fileEncoding = 4; lastKnownFileType = sourcecode.c.objc; path = ZQResourceInfoViewController.m; sourceTree = "<group>"; };
		B3CC25561B17FE07008693E5 /* ZQPlatformGuideViewController.h */ = {isa = PBXFileReference; fileEncoding = 4; lastKnownFileType = sourcecode.c.h; path = ZQPlatformGuideViewController.h; sourceTree = "<group>"; };
		B3CC25571B17FE07008693E5 /* ZQPlatformGuideViewController.m */ = {isa = PBXFileReference; fileEncoding = 4; lastKnownFileType = sourcecode.c.objc; path = ZQPlatformGuideViewController.m; sourceTree = "<group>"; };
		B3CC25671B18069D008693E5 /* ZQUserFeedbackViewController.h */ = {isa = PBXFileReference; fileEncoding = 4; lastKnownFileType = sourcecode.c.h; path = ZQUserFeedbackViewController.h; sourceTree = "<group>"; };
		B3CC25681B18069D008693E5 /* ZQUserFeedbackViewController.m */ = {isa = PBXFileReference; fileEncoding = 4; lastKnownFileType = sourcecode.c.objc; path = ZQUserFeedbackViewController.m; sourceTree = "<group>"; };
		B3CC256A1B1806AA008693E5 /* ZQAboutViewController.h */ = {isa = PBXFileReference; fileEncoding = 4; lastKnownFileType = sourcecode.c.h; path = ZQAboutViewController.h; sourceTree = "<group>"; };
		B3CC256B1B1806AA008693E5 /* ZQAboutViewController.m */ = {isa = PBXFileReference; fileEncoding = 4; lastKnownFileType = sourcecode.c.objc; path = ZQAboutViewController.m; sourceTree = "<group>"; };
		B3CC256D1B1806D8008693E5 /* ZQDistrictAwardViewController.h */ = {isa = PBXFileReference; fileEncoding = 4; lastKnownFileType = sourcecode.c.h; path = ZQDistrictAwardViewController.h; sourceTree = "<group>"; };
		B3CC256E1B1806D8008693E5 /* ZQDistrictAwardViewController.m */ = {isa = PBXFileReference; fileEncoding = 4; lastKnownFileType = sourcecode.c.objc; path = ZQDistrictAwardViewController.m; sourceTree = "<group>"; };
		B3CC25711B1806E9008693E5 /* ZQPlatformNotificationViewController.h */ = {isa = PBXFileReference; fileEncoding = 4; lastKnownFileType = sourcecode.c.h; path = ZQPlatformNotificationViewController.h; sourceTree = "<group>"; };
		B3CC25721B1806E9008693E5 /* ZQPlatformNotificationViewController.m */ = {isa = PBXFileReference; fileEncoding = 4; lastKnownFileType = sourcecode.c.objc; path = ZQPlatformNotificationViewController.m; sourceTree = "<group>"; };
		B3CC25761B1807A9008693E5 /* ZQVersionUpdateViewController.h */ = {isa = PBXFileReference; fileEncoding = 4; lastKnownFileType = sourcecode.c.h; path = ZQVersionUpdateViewController.h; sourceTree = "<group>"; };
		B3CC25771B1807A9008693E5 /* ZQVersionUpdateViewController.m */ = {isa = PBXFileReference; fileEncoding = 4; lastKnownFileType = sourcecode.c.objc; path = ZQVersionUpdateViewController.m; sourceTree = "<group>"; };
		B3CC257E1B183C43008693E5 /* ZQToolBar.h */ = {isa = PBXFileReference; fileEncoding = 4; lastKnownFileType = sourcecode.c.h; path = ZQToolBar.h; sourceTree = "<group>"; };
		B3CC257F1B183C43008693E5 /* ZQToolBar.m */ = {isa = PBXFileReference; fileEncoding = 4; lastKnownFileType = sourcecode.c.objc; path = ZQToolBar.m; sourceTree = "<group>"; };
		B3CC25891B185B12008693E5 /* ZQEnterpriseTableViewCell.h */ = {isa = PBXFileReference; fileEncoding = 4; lastKnownFileType = sourcecode.c.h; path = ZQEnterpriseTableViewCell.h; sourceTree = "<group>"; };
		B3CC258A1B185B12008693E5 /* ZQEnterpriseTableViewCell.m */ = {isa = PBXFileReference; fileEncoding = 4; lastKnownFileType = sourcecode.c.objc; path = ZQEnterpriseTableViewCell.m; sourceTree = "<group>"; };
		B3CC258C1B185DB7008693E5 /* ZQCheckBox.h */ = {isa = PBXFileReference; fileEncoding = 4; lastKnownFileType = sourcecode.c.h; path = ZQCheckBox.h; sourceTree = "<group>"; };
		B3CC258D1B185DB7008693E5 /* ZQCheckBox.m */ = {isa = PBXFileReference; fileEncoding = 4; lastKnownFileType = sourcecode.c.objc; path = ZQCheckBox.m; sourceTree = "<group>"; };
		B3D1E7161B1475AD005C14D9 /* StartViewController.h */ = {isa = PBXFileReference; fileEncoding = 4; lastKnownFileType = sourcecode.c.h; path = StartViewController.h; sourceTree = "<group>"; };
		B3D1E7171B1475AD005C14D9 /* StartViewController.m */ = {isa = PBXFileReference; fileEncoding = 4; lastKnownFileType = sourcecode.c.objc; path = StartViewController.m; sourceTree = "<group>"; };
		B3D1E7191B14761C005C14D9 /* UserViewController.h */ = {isa = PBXFileReference; fileEncoding = 4; lastKnownFileType = sourcecode.c.h; path = UserViewController.h; sourceTree = "<group>"; };
		B3D1E71A1B14761C005C14D9 /* UserViewController.m */ = {isa = PBXFileReference; fileEncoding = 4; lastKnownFileType = sourcecode.c.objc; path = UserViewController.m; sourceTree = "<group>"; };
		B3D1E71C1B147623005C14D9 /* MoreViewController.h */ = {isa = PBXFileReference; fileEncoding = 4; lastKnownFileType = sourcecode.c.h; path = MoreViewController.h; sourceTree = "<group>"; };
		B3D1E71D1B147623005C14D9 /* MoreViewController.m */ = {isa = PBXFileReference; fileEncoding = 4; lastKnownFileType = sourcecode.c.objc; path = MoreViewController.m; sourceTree = "<group>"; };
		B3D1E7311B147DE9005C14D9 /* CommAlgorithm.h */ = {isa = PBXFileReference; fileEncoding = 4; lastKnownFileType = sourcecode.c.h; path = CommAlgorithm.h; sourceTree = "<group>"; };
		B3D1E7321B147DE9005C14D9 /* CommAlgorithm.m */ = {isa = PBXFileReference; fileEncoding = 4; lastKnownFileType = sourcecode.c.objc; path = CommAlgorithm.m; sourceTree = "<group>"; };
		B3E67E191B1C0DF800CBF447 /* ZQTypeChooseAlertViewController.h */ = {isa = PBXFileReference; fileEncoding = 4; lastKnownFileType = sourcecode.c.h; path = ZQTypeChooseAlertViewController.h; sourceTree = "<group>"; };
		B3E67E1A1B1C0DF800CBF447 /* ZQTypeChooseAlertViewController.m */ = {isa = PBXFileReference; fileEncoding = 4; lastKnownFileType = sourcecode.c.objc; path = ZQTypeChooseAlertViewController.m; sourceTree = "<group>"; };
		B3E67E221B1C545700CBF447 /* ZQEnterpriseIntroductionViewController.h */ = {isa = PBXFileReference; fileEncoding = 4; lastKnownFileType = sourcecode.c.h; path = ZQEnterpriseIntroductionViewController.h; sourceTree = "<group>"; };
		B3E67E231B1C545700CBF447 /* ZQEnterpriseIntroductionViewController.m */ = {isa = PBXFileReference; fileEncoding = 4; lastKnownFileType = sourcecode.c.objc; path = ZQEnterpriseIntroductionViewController.m; sourceTree = "<group>"; };
		B3E67E261B1C573800CBF447 /* ZQEnterpriseIntroductionTableViewCell.h */ = {isa = PBXFileReference; fileEncoding = 4; lastKnownFileType = sourcecode.c.h; path = ZQEnterpriseIntroductionTableViewCell.h; sourceTree = "<group>"; };
		B3E67E271B1C573800CBF447 /* ZQEnterpriseIntroductionTableViewCell.m */ = {isa = PBXFileReference; fileEncoding = 4; lastKnownFileType = sourcecode.c.objc; path = ZQEnterpriseIntroductionTableViewCell.m; sourceTree = "<group>"; };
		B3F6C3D01B155285000313C7 /* ZQTabBarViewController.h */ = {isa = PBXFileReference; fileEncoding = 4; lastKnownFileType = sourcecode.c.h; path = ZQTabBarViewController.h; sourceTree = "<group>"; };
		B3F6C3D11B155285000313C7 /* ZQTabBarViewController.m */ = {isa = PBXFileReference; fileEncoding = 4; lastKnownFileType = sourcecode.c.objc; path = ZQTabBarViewController.m; sourceTree = "<group>"; };
		B3F6C3D31B155357000313C7 /* ZQTabBarItem.h */ = {isa = PBXFileReference; fileEncoding = 4; lastKnownFileType = sourcecode.c.h; path = ZQTabBarItem.h; sourceTree = "<group>"; };
		B3F6C3D41B155357000313C7 /* ZQTabBarItem.m */ = {isa = PBXFileReference; fileEncoding = 4; lastKnownFileType = sourcecode.c.objc; path = ZQTabBarItem.m; sourceTree = "<group>"; };
		B3F6C3D61B155670000313C7 /* ZQMainViewController.h */ = {isa = PBXFileReference; fileEncoding = 4; lastKnownFileType = sourcecode.c.h; path = ZQMainViewController.h; sourceTree = "<group>"; };
		B3F6C3D71B155670000313C7 /* ZQMainViewController.m */ = {isa = PBXFileReference; fileEncoding = 4; lastKnownFileType = sourcecode.c.objc; path = ZQMainViewController.m; sourceTree = "<group>"; };
		B3F9B8661B1D7C8900E1B215 /* ZQStarRatingView.h */ = {isa = PBXFileReference; fileEncoding = 4; lastKnownFileType = sourcecode.c.h; path = ZQStarRatingView.h; sourceTree = "<group>"; };
		B3F9B8671B1D7C8900E1B215 /* ZQStarRatingView.m */ = {isa = PBXFileReference; fileEncoding = 4; lastKnownFileType = sourcecode.c.objc; path = ZQStarRatingView.m; sourceTree = "<group>"; };
		B3F9B86A1B1D944900E1B215 /* ZQEntRscDistributeTableViewCell.h */ = {isa = PBXFileReference; fileEncoding = 4; lastKnownFileType = sourcecode.c.h; path = ZQEntRscDistributeTableViewCell.h; sourceTree = "<group>"; };
		B3F9B86B1B1D944900E1B215 /* ZQEntRscDistributeTableViewCell.m */ = {isa = PBXFileReference; fileEncoding = 4; lastKnownFileType = sourcecode.c.objc; path = ZQEntRscDistributeTableViewCell.m; sourceTree = "<group>"; };
		B3F9B86D1B1DA57A00E1B215 /* ZQLoadMoreView.h */ = {isa = PBXFileReference; fileEncoding = 4; lastKnownFileType = sourcecode.c.h; path = ZQLoadMoreView.h; sourceTree = "<group>"; };
		B3F9B86E1B1DA57A00E1B215 /* ZQLoadMoreView.m */ = {isa = PBXFileReference; fileEncoding = 4; lastKnownFileType = sourcecode.c.objc; path = ZQLoadMoreView.m; sourceTree = "<group>"; };
		B3F9B8731B1DB57C00E1B215 /* ZQSpecialSupportTableViewCell.h */ = {isa = PBXFileReference; fileEncoding = 4; lastKnownFileType = sourcecode.c.h; path = ZQSpecialSupportTableViewCell.h; sourceTree = "<group>"; };
		B3F9B8741B1DB57C00E1B215 /* ZQSpecialSupportTableViewCell.m */ = {isa = PBXFileReference; fileEncoding = 4; lastKnownFileType = sourcecode.c.objc; path = ZQSpecialSupportTableViewCell.m; sourceTree = "<group>"; };
/* End PBXFileReference section */

/* Begin PBXFrameworksBuildPhase section */
		B380DCAF1B146C97003B0D53 /* Frameworks */ = {
			isa = PBXFrameworksBuildPhase;
			buildActionMask = 2147483647;
			files = (
			);
			runOnlyForDeploymentPostprocessing = 0;
		};
		B380DCC81B146C97003B0D53 /* Frameworks */ = {
			isa = PBXFrameworksBuildPhase;
			buildActionMask = 2147483647;
			files = (
			);
			runOnlyForDeploymentPostprocessing = 0;
		};
/* End PBXFrameworksBuildPhase section */

/* Begin PBXGroup section */
		B31E66381B1E96DD00E70720 /* 基本表格 */ = {
			isa = PBXGroup;
			children = (
				B31E66391B1E96EE00E70720 /* ZQBaseTableViewCell.h */,
				B31E663A1B1E96EE00E70720 /* ZQBaseTableViewCell.m */,
			);
			name = "基本表格";
			sourceTree = "<group>";
		};
		B31E663C1B1E985000E70720 /* 服务机构表格 */ = {
			isa = PBXGroup;
			children = (
				B31E663D1B1E987D00E70720 /* ZQServiceAgencyTableViewCell.h */,
				B31E663E1B1E987D00E70720 /* ZQServiceAgencyTableViewCell.m */,
			);
			name = "服务机构表格";
			sourceTree = "<group>";
		};
		B31E66401B1E999C00E70720 /* 基本表格页面 */ = {
			isa = PBXGroup;
			children = (
				B31E66411B1E99E400E70720 /* ZQBaseTableViewController.h */,
				B31E66421B1E99E400E70720 /* ZQBaseTableViewController.m */,
			);
			name = "基本表格页面";
			sourceTree = "<group>";
		};
		B31E66441B1EA0BD00E70720 /* 企业评论 */ = {
			isa = PBXGroup;
			children = (
				B31E66461B1EA13200E70720 /* ZQEnterpriseCommentViewController.h */,
				B31E66471B1EA13200E70720 /* ZQEnterpriseCommentViewController.m */,
			);
			name = "企业评论";
			sourceTree = "<group>";
		};
		B31E66451B1EA0E000E70720 /* 企业评价 */ = {
			isa = PBXGroup;
			children = (
				B31E664D1B1ED93700E70720 /* ZQEnterpriseEvaluateViewController.h */,
				B31E664E1B1ED93700E70720 /* ZQEnterpriseEvaluateViewController.m */,
			);
			name = "企业评价";
			sourceTree = "<group>";
		};
		B31E66491B1EAD6500E70720 /* 类型选择 */ = {
			isa = PBXGroup;
			children = (
				B31E664A1B1EAD8500E70720 /* ZQTypeChooseView.h */,
				B31E664B1B1EAD8500E70720 /* ZQTypeChooseView.m */,
			);
			name = "类型选择";
			sourceTree = "<group>";
		};
		B31E66511B1EDE7100E70720 /* 主控制器 */ = {
			isa = PBXGroup;
			children = (
				B3CC251D1B17F2E8008693E5 /* ZQDistrictResourceViewController.h */,
				B3CC251E1B17F2E8008693E5 /* ZQDistrictResourceViewController.m */,
			);
			name = "主控制器";
			sourceTree = "<group>";
		};
		B31E66521B1EDE7C00E70720 /* 商圈资源信息发帖 */ = {
			isa = PBXGroup;
			children = (
				B31E66531B1EDEB700E70720 /* ZQDistrictPostViewController.h */,
				B31E66541B1EDEB700E70720 /* ZQDistrictPostViewController.m */,
			);
			name = "商圈资源信息发帖";
			sourceTree = "<group>";
		};
		B31E66591B1EF01E00E70720 /* 企业评价概要视图 */ = {
			isa = PBXGroup;
			children = (
				B31E66561B1EE8E300E70720 /* ZQEvaluateView.h */,
				B31E66571B1EE8E300E70720 /* ZQEvaluateView.m */,
			);
			name = "企业评价概要视图";
			sourceTree = "<group>";
		};
		B31E665A1B1EF11300E70720 /* 企业详细信息列表 */ = {
			isa = PBXGroup;
			children = (
				B31E665B1B1EF13400E70720 /* ZQEnterpriseDetailInfoTableViewCell.h */,
				B31E665C1B1EF13400E70720 /* ZQEnterpriseDetailInfoTableViewCell.m */,
			);
			name = "企业详细信息列表";
			sourceTree = "<group>";
		};
		B32603501B2175FA001142D5 /* 最新动态表格 */ = {
			isa = PBXGroup;
			children = (
				B32603511B21761E001142D5 /* ZQNewestTableViewCell.h */,
				B32603521B21761E001142D5 /* ZQNewestTableViewCell.m */,
			);
			name = "最新动态表格";
			sourceTree = "<group>";
		};
		B32603541B217A7A001142D5 /* 回复标签 */ = {
			isa = PBXGroup;
			children = (
				B32603551B217A92001142D5 /* ZQResponseLabel.h */,
				B32603561B217A92001142D5 /* ZQResponseLabel.m */,
			);
			name = "回复标签";
			sourceTree = "<group>";
		};
		B341054F1B16A2C200C3A079 /* 智能推荐表项 */ = {
			isa = PBXGroup;
			children = (
				B34105501B16A32900C3A079 /* ZQRecommendTableViewCell.h */,
				B34105511B16A32900C3A079 /* ZQRecommendTableViewCell.m */,
			);
			name = "智能推荐表项";
			sourceTree = "<group>";
		};
		B341055A1B16F33800C3A079 /* 基本控制器 */ = {
			isa = PBXGroup;
			children = (
				B341055B1B16F35D00C3A079 /* ZQBaseViewController.h */,
				B341055C1B16F35D00C3A079 /* ZQBaseViewController.m */,
			);
			name = "基本控制器";
			sourceTree = "<group>";
		};
		B341055E1B16F93800C3A079 /* 登陆完成面板 */ = {
			isa = PBXGroup;
			children = (
				B341055F1B16F97300C3A079 /* LoginCompleteView.h */,
				B34105601B16F97300C3A079 /* LoginCompleteView.m */,
			);
			name = "登陆完成面板";
			sourceTree = "<group>";
		};
		B34105621B171C9800C3A079 /* 服务机构 */ = {
			isa = PBXGroup;
			children = (
				B34105641B171CA800C3A079 /* Controllers */,
				B34105631B171CA400C3A079 /* Views */,
			);
			name = "服务机构";
			sourceTree = "<group>";
		};
		B34105631B171CA400C3A079 /* Views */ = {
			isa = PBXGroup;
			children = (
				B31E663C1B1E985000E70720 /* 服务机构表格 */,
			);
			name = Views;
			sourceTree = "<group>";
		};
		B34105641B171CA800C3A079 /* Controllers */ = {
			isa = PBXGroup;
			children = (
				B34105651B171CD500C3A079 /* ZQServiceAgencyViewController.h */,
				B34105661B171CD500C3A079 /* ZQServiceAgencyViewController.m */,
			);
			name = Controllers;
			sourceTree = "<group>";
		};
		B34105681B17202400C3A079 /* 企业资源 */ = {
			isa = PBXGroup;
			children = (
				B341056A1B17203300C3A079 /* Views */,
				B34105691B17202B00C3A079 /* Controllers */,
			);
			name = "企业资源";
			sourceTree = "<group>";
		};
		B34105691B17202B00C3A079 /* Controllers */ = {
			isa = PBXGroup;
			children = (
				B31E66451B1EA0E000E70720 /* 企业评价 */,
				B31E66441B1EA0BD00E70720 /* 企业评论 */,
				B3E67E211B1C542400CBF447 /* 企业介绍 */,
				B3E67E151B1C0D2100CBF447 /* 类型选择视图 */,
				B36740791B1BE6C800E74338 /* 批量发送需求信息 */,
				B36740781B1BE6BD00E74338 /* 企业资源主页面 */,
			);
			name = Controllers;
			sourceTree = "<group>";
		};
		B341056A1B17203300C3A079 /* Views */ = {
			isa = PBXGroup;
			children = (
				B32603541B217A7A001142D5 /* 回复标签 */,
				B32603501B2175FA001142D5 /* 最新动态表格 */,
				B372350C1B214D9300B42AA6 /* 发表评论底部栏 */,
				B31E66591B1EF01E00E70720 /* 企业评价概要视图 */,
				B31E66491B1EAD6500E70720 /* 类型选择 */,
				B3F9B8701B1DAA3800E1B215 /* 加载更多 */,
				B3F9B8691B1D93BF00E1B215 /* 企业资源信息发布表格 */,
				B3E67E251B1C56F200CBF447 /* 企业简介表格 */,
				B3E67E141B1BF6C000CBF447 /* 企业资源列表 */,
			);
			name = Views;
			sourceTree = "<group>";
		};
		B341056E1B17207C00C3A079 /* 基本返回界面 */ = {
			isa = PBXGroup;
			children = (
				B341056F1B17208F00C3A079 /* ZQBaseExitViewController.h */,
				B34105701B17208F00C3A079 /* ZQBaseExitViewController.m */,
			);
			name = "基本返回界面";
			sourceTree = "<group>";
		};
		B341658B1B15969400F9A8ED /* 公共 */ = {
			isa = PBXGroup;
			children = (
				B31E66381B1E96DD00E70720 /* 基本表格 */,
				B3F9B8651B1D7C7900E1B215 /* 星级评分控件 */,
				B3CC25851B185511008693E5 /* 复选框按钮 */,
				B3CC257D1B183B92008693E5 /* 顶部工具栏 */,
				B34165911B15A36900F9A8ED /* 分页控件 */,
				B341658D1B1596CF00F9A8ED /* 导航栏 */,
				B341658C1B1596AC00F9A8ED /* 相关算法 */,
			);
			name = "公共";
			sourceTree = "<group>";
		};
		B341658C1B1596AC00F9A8ED /* 相关算法 */ = {
			isa = PBXGroup;
			children = (
				B3D1E7311B147DE9005C14D9 /* CommAlgorithm.h */,
				B3D1E7321B147DE9005C14D9 /* CommAlgorithm.m */,
			);
			name = "相关算法";
			sourceTree = "<group>";
		};
		B341658D1B1596CF00F9A8ED /* 导航栏 */ = {
			isa = PBXGroup;
			children = (
				B341658E1B15971400F9A8ED /* ZQNavigationViewController.h */,
				B341658F1B15971400F9A8ED /* ZQNavigationViewController.m */,
			);
			name = "导航栏";
			sourceTree = "<group>";
		};
		B34165911B15A36900F9A8ED /* 分页控件 */ = {
			isa = PBXGroup;
			children = (
				B34165921B15A39700F9A8ED /* ZQPageControl.h */,
				B34165931B15A39700F9A8ED /* ZQPageControl.m */,
			);
			name = "分页控件";
			sourceTree = "<group>";
		};
		B34165951B15BDBA00F9A8ED /* 标签项 */ = {
			isa = PBXGroup;
			children = (
				B3F6C3D31B155357000313C7 /* ZQTabBarItem.h */,
				B3F6C3D41B155357000313C7 /* ZQTabBarItem.m */,
			);
			name = "标签项";
			sourceTree = "<group>";
		};
		B34165961B15BDCC00F9A8ED /* 集合视图项 */ = {
			isa = PBXGroup;
			children = (
				B341659A1B15C44D00F9A8ED /* ZQCollectionContentView.h */,
				B341659B1B15C44D00F9A8ED /* ZQCollectionContentView.m */,
			);
			name = "集合视图项";
			sourceTree = "<group>";
		};
		B36740781B1BE6BD00E74338 /* 企业资源主页面 */ = {
			isa = PBXGroup;
			children = (
				B341056B1B17206100C3A079 /* ZQEnterpriseResourceViewController.h */,
				B341056C1B17206100C3A079 /* ZQEnterpriseResourceViewController.m */,
			);
			name = "企业资源主页面";
			sourceTree = "<group>";
		};
		B36740791B1BE6C800E74338 /* 批量发送需求信息 */ = {
			isa = PBXGroup;
			children = (
				B367407A1B1BE71100E74338 /* ZQBatchSndReqInfoViewController.h */,
				B367407B1B1BE71100E74338 /* ZQBatchSndReqInfoViewController.m */,
			);
			name = "批量发送需求信息";
			sourceTree = "<group>";
		};
		B37235061B212B0800B42AA6 /* 内容项 */ = {
			isa = PBXGroup;
			children = (
				B37235071B212B2400B42AA6 /* ZQFilterButton.h */,
				B37235081B212B2400B42AA6 /* ZQFilterButton.m */,
			);
			name = "内容项";
			sourceTree = "<group>";
		};
		B372350C1B214D9300B42AA6 /* 发表评论底部栏 */ = {
			isa = PBXGroup;
			children = (
				B372350D1B214E7600B42AA6 /* ZQCommentBar.h */,
				B372350E1B214E7600B42AA6 /* ZQCommentBar.m */,
			);
			name = "发表评论底部栏";
			sourceTree = "<group>";
		};
		B380DCA91B146C97003B0D53 = {
			isa = PBXGroup;
			children = (
				B380DCB41B146C97003B0D53 /* 中企资源 */,
				B380DCCE1B146C97003B0D53 /* 中企资源Tests */,
				B380DCB31B146C97003B0D53 /* Products */,
			);
			sourceTree = "<group>";
		};
		B380DCB31B146C97003B0D53 /* Products */ = {
			isa = PBXGroup;
			children = (
				B380DCB21B146C97003B0D53 /* 中企资源.app */,
				B380DCCB1B146C97003B0D53 /* 中企资源Tests.xctest */,
			);
			name = Products;
			sourceTree = "<group>";
		};
		B380DCB41B146C97003B0D53 /* 中企资源 */ = {
			isa = PBXGroup;
			children = (
				B341658B1B15969400F9A8ED /* 公共 */,
				B380DCDC1B146CDF003B0D53 /* 界面相关 */,
				B380DCDB1B146CAB003B0D53 /* App代理 */,
				B380DCC21B146C97003B0D53 /* Images.xcassets */,
				B380DCB51B146C97003B0D53 /* Supporting Files */,
			);
			path = "中企资源";
			sourceTree = "<group>";
		};
		B380DCB51B146C97003B0D53 /* Supporting Files */ = {
			isa = PBXGroup;
			children = (
				B34105581B16E70500C3A079 /* YuppySC-Regular.otf */,
				B380DCED1B146E4C003B0D53 /* 中企资源-prefix.pch */,
				B380DCB61B146C97003B0D53 /* Info.plist */,
				B380DCB71B146C97003B0D53 /* main.m */,
			);
			name = "Supporting Files";
			sourceTree = "<group>";
		};
		B380DCCE1B146C97003B0D53 /* 中企资源Tests */ = {
			isa = PBXGroup;
			children = (
				B380DCD11B146C97003B0D53 /* ____Tests.m */,
				B380DCCF1B146C97003B0D53 /* Supporting Files */,
			);
			path = "中企资源Tests";
			sourceTree = "<group>";
		};
		B380DCCF1B146C97003B0D53 /* Supporting Files */ = {
			isa = PBXGroup;
			children = (
				B380DCD01B146C97003B0D53 /* Info.plist */,
			);
			name = "Supporting Files";
			sourceTree = "<group>";
		};
		B380DCDB1B146CAB003B0D53 /* App代理 */ = {
			isa = PBXGroup;
			children = (
				B380DCB91B146C97003B0D53 /* AppDelegate.h */,
				B380DCBA1B146C97003B0D53 /* AppDelegate.m */,
			);
			name = "App代理";
			sourceTree = "<group>";
		};
		B380DCDC1B146CDF003B0D53 /* 界面相关 */ = {
			isa = PBXGroup;
			children = (
				B31E66401B1E999C00E70720 /* 基本表格页面 */,
				B3CC25591B18061E008693E5 /* 更多子页面 */,
				B3CC25331B17FC8F008693E5 /* 用户中心子页面 */,
				B3CC25321B17FC7C008693E5 /* 首页子页面 */,
				B341056E1B17207C00C3A079 /* 基本返回界面 */,
				B380DCDD1B146CEB003B0D53 /* 主界面 */,
			);
			name = "界面相关";
			sourceTree = "<group>";
		};
		B380DCDD1B146CEB003B0D53 /* 主界面 */ = {
			isa = PBXGroup;
			children = (
				B380DCDF1B146D55003B0D53 /* Controllers */,
				B380DCDE1B146D4E003B0D53 /* Views */,
			);
			name = "主界面";
			sourceTree = "<group>";
		};
		B380DCDE1B146D4E003B0D53 /* Views */ = {
			isa = PBXGroup;
			children = (
				B341055E1B16F93800C3A079 /* 登陆完成面板 */,
				B341054F1B16A2C200C3A079 /* 智能推荐表项 */,
				B34165961B15BDCC00F9A8ED /* 集合视图项 */,
				B34165951B15BDBA00F9A8ED /* 标签项 */,
			);
			name = Views;
			sourceTree = "<group>";
		};
		B380DCDF1B146D55003B0D53 /* Controllers */ = {
			isa = PBXGroup;
			children = (
				B341055A1B16F33800C3A079 /* 基本控制器 */,
				B3D1E7151B14759B005C14D9 /* 更多 */,
				B3D1E7141B147594005C14D9 /* 用户中心 */,
				B3D1E7131B147578005C14D9 /* 首页 */,
				B3D1E7121B14756E005C14D9 /* 主页 */,
			);
			name = Controllers;
			sourceTree = "<group>";
		};
		B3856BBE1B267F45009B3FAE /* 工具项 */ = {
			isa = PBXGroup;
			children = (
				B3856BBF1B267F5D009B3FAE /* ZQToolItem.h */,
				B3856BC01B267F5D009B3FAE /* ZQToolItem.m */,
			);
			name = "工具项";
			sourceTree = "<group>";
		};
		B395C2941B1FDC8600DAE944 /* 企业评价内容视图 */ = {
			isa = PBXGroup;
			children = (
				B395C2951B1FDCEA00DAE944 /* ZQEnterpriseEvaluateCommentTableViewCell.h */,
				B395C2961B1FDCEA00DAE944 /* ZQEnterpriseEvaluateCommentTableViewCell.m */,
			);
			name = "企业评价内容视图";
			sourceTree = "<group>";
		};
		B3CC251A1B17F2B3008693E5 /* 商圈资源 */ = {
			isa = PBXGroup;
			children = (
				B3CC251C1B17F2C1008693E5 /* Views */,
				B3CC251B1B17F2BC008693E5 /* Controllers */,
			);
			name = "商圈资源";
			sourceTree = "<group>";
		};
		B3CC251B1B17F2BC008693E5 /* Controllers */ = {
			isa = PBXGroup;
			children = (
				B31E66521B1EDE7C00E70720 /* 商圈资源信息发帖 */,
				B31E66511B1EDE7100E70720 /* 主控制器 */,
			);
			name = Controllers;
			sourceTree = "<group>";
		};
		B3CC251C1B17F2C1008693E5 /* Views */ = {
			isa = PBXGroup;
			children = (
				B395C2941B1FDC8600DAE944 /* 企业评价内容视图 */,
				B31E665A1B1EF11300E70720 /* 企业详细信息列表 */,
			);
			name = Views;
			sourceTree = "<group>";
		};
		B3CC25201B17F4B3008693E5 /* 专项扶持 */ = {
			isa = PBXGroup;
			children = (
				B3CC25281B17F4F2008693E5 /* Controllers */,
				B3CC25271B17F4EE008693E5 /* Views */,
			);
			name = "专项扶持";
			sourceTree = "<group>";
		};
		B3CC25211B17F4BE008693E5 /* 政策解读 */ = {
			isa = PBXGroup;
			children = (
				B3CC25261B17F4E9008693E5 /* Controllers */,
				B3CC25251B17F4E5008693E5 /* Views */,
			);
			name = "政策解读";
			sourceTree = "<group>";
		};
		B3CC25221B17F4C6008693E5 /* 专家讲坛 */ = {
			isa = PBXGroup;
			children = (
				B3CC25241B17F4DF008693E5 /* Controllers */,
				B3CC25231B17F4D5008693E5 /* Views */,
			);
			name = "专家讲坛";
			sourceTree = "<group>";
		};
		B3CC25231B17F4D5008693E5 /* Views */ = {
			isa = PBXGroup;
			children = (
			);
			name = Views;
			sourceTree = "<group>";
		};
		B3CC25241B17F4DF008693E5 /* Controllers */ = {
			isa = PBXGroup;
			children = (
				B3CC252F1B17F5A4008693E5 /* ZQExpertPulpitViewController.h */,
				B3CC25301B17F5A4008693E5 /* ZQExpertPulpitViewController.m */,
			);
			name = Controllers;
			sourceTree = "<group>";
		};
		B3CC25251B17F4E5008693E5 /* Views */ = {
			isa = PBXGroup;
			children = (
			);
			name = Views;
			sourceTree = "<group>";
		};
		B3CC25261B17F4E9008693E5 /* Controllers */ = {
			isa = PBXGroup;
			children = (
				B3CC252C1B17F578008693E5 /* ZQPolicyInterpretViewController.h */,
				B3CC252D1B17F578008693E5 /* ZQPolicyInterpretViewController.m */,
			);
			name = Controllers;
			sourceTree = "<group>";
		};
		B3CC25271B17F4EE008693E5 /* Views */ = {
			isa = PBXGroup;
			children = (
				B3F9B8721B1DB54800E1B215 /* 专项扶持表格 */,
			);
			name = Views;
			sourceTree = "<group>";
		};
		B3CC25281B17F4F2008693E5 /* Controllers */ = {
			isa = PBXGroup;
			children = (
				B3F9B8711B1DAA5B00E1B215 /* 主控制器 */,
			);
			name = Controllers;
			sourceTree = "<group>";
		};
		B3CC25321B17FC7C008693E5 /* 首页子页面 */ = {
			isa = PBXGroup;
			children = (
				B3CC25221B17F4C6008693E5 /* 专家讲坛 */,
				B3CC25211B17F4BE008693E5 /* 政策解读 */,
				B3CC25201B17F4B3008693E5 /* 专项扶持 */,
				B3CC251A1B17F2B3008693E5 /* 商圈资源 */,
				B34105681B17202400C3A079 /* 企业资源 */,
				B34105621B171C9800C3A079 /* 服务机构 */,
			);
			name = "首页子页面";
			sourceTree = "<group>";
		};
		B3CC25331B17FC8F008693E5 /* 用户中心子页面 */ = {
			isa = PBXGroup;
			children = (
				B3CC253A1B17FD32008693E5 /* 我的聊天 */,
				B3CC25391B17FD2D008693E5 /* 我的关注 */,
				B3CC25381B17FD28008693E5 /* 我的发布 */,
				B3CC25371B17FD22008693E5 /* 我的通知 */,
				B3CC25361B17FD1B008693E5 /* 发布资源信息 */,
				B3CC25341B17FCF2008693E5 /* 平台入驻指引 */,
			);
			name = "用户中心子页面";
			sourceTree = "<group>";
		};
		B3CC25341B17FCF2008693E5 /* 平台入驻指引 */ = {
			isa = PBXGroup;
			children = (
				B3CC253C1B17FD51008693E5 /* Controllers */,
				B3CC253B1B17FD4B008693E5 /* Views */,
			);
			name = "平台入驻指引";
			sourceTree = "<group>";
		};
		B3CC25361B17FD1B008693E5 /* 发布资源信息 */ = {
			isa = PBXGroup;
			children = (
				B3CC253E1B17FD63008693E5 /* Controllers */,
				B3CC253D1B17FD5D008693E5 /* Views */,
			);
			name = "发布资源信息";
			sourceTree = "<group>";
		};
		B3CC25371B17FD22008693E5 /* 我的通知 */ = {
			isa = PBXGroup;
			children = (
				B3CC25401B17FD6A008693E5 /* Controllers */,
				B3CC253F1B17FD67008693E5 /* Views */,
			);
			name = "我的通知";
			sourceTree = "<group>";
		};
		B3CC25381B17FD28008693E5 /* 我的发布 */ = {
			isa = PBXGroup;
			children = (
				B3CC25421B17FD73008693E5 /* Controllers */,
				B3CC25411B17FD6F008693E5 /* Views */,
			);
			name = "我的发布";
			sourceTree = "<group>";
		};
		B3CC25391B17FD2D008693E5 /* 我的关注 */ = {
			isa = PBXGroup;
			children = (
				B3CC25441B17FD79008693E5 /* Controllers */,
				B3CC25431B17FD76008693E5 /* Views */,
			);
			name = "我的关注";
			sourceTree = "<group>";
		};
		B3CC253A1B17FD32008693E5 /* 我的聊天 */ = {
			isa = PBXGroup;
			children = (
				B3CC25461B17FD81008693E5 /* Controllers */,
				B3CC25451B17FD7E008693E5 /* Views */,
			);
			name = "我的聊天";
			sourceTree = "<group>";
		};
		B3CC253B1B17FD4B008693E5 /* Views */ = {
			isa = PBXGroup;
			children = (
			);
			name = Views;
			sourceTree = "<group>";
		};
		B3CC253C1B17FD51008693E5 /* Controllers */ = {
			isa = PBXGroup;
			children = (
				B3CC25561B17FE07008693E5 /* ZQPlatformGuideViewController.h */,
				B3CC25571B17FE07008693E5 /* ZQPlatformGuideViewController.m */,
			);
			name = Controllers;
			sourceTree = "<group>";
		};
		B3CC253D1B17FD5D008693E5 /* Views */ = {
			isa = PBXGroup;
			children = (
			);
			name = Views;
			sourceTree = "<group>";
		};
		B3CC253E1B17FD63008693E5 /* Controllers */ = {
			isa = PBXGroup;
			children = (
				B3CC25531B17FDFB008693E5 /* ZQResourceInfoViewController.h */,
				B3CC25541B17FDFB008693E5 /* ZQResourceInfoViewController.m */,
			);
			name = Controllers;
			sourceTree = "<group>";
		};
		B3CC253F1B17FD67008693E5 /* Views */ = {
			isa = PBXGroup;
			children = (
			);
			name = Views;
			sourceTree = "<group>";
		};
		B3CC25401B17FD6A008693E5 /* Controllers */ = {
			isa = PBXGroup;
			children = (
				B3CC25501B17FDE9008693E5 /* ZQMyNotificationViewController.h */,
				B3CC25511B17FDE9008693E5 /* ZQMyNotificationViewController.m */,
			);
			name = Controllers;
			sourceTree = "<group>";
		};
		B3CC25411B17FD6F008693E5 /* Views */ = {
			isa = PBXGroup;
			children = (
			);
			name = Views;
			sourceTree = "<group>";
		};
		B3CC25421B17FD73008693E5 /* Controllers */ = {
			isa = PBXGroup;
			children = (
				B3CC254D1B17FDDB008693E5 /* ZQMyDistributionViewController.h */,
				B3CC254E1B17FDDB008693E5 /* ZQMyDistributionViewController.m */,
			);
			name = Controllers;
			sourceTree = "<group>";
		};
		B3CC25431B17FD76008693E5 /* Views */ = {
			isa = PBXGroup;
			children = (
			);
			name = Views;
			sourceTree = "<group>";
		};
		B3CC25441B17FD79008693E5 /* Controllers */ = {
			isa = PBXGroup;
			children = (
				B3CC254A1B17FDB6008693E5 /* ZQMyAttentionViewController.h */,
				B3CC254B1B17FDB6008693E5 /* ZQMyAttentionViewController.m */,
			);
			name = Controllers;
			sourceTree = "<group>";
		};
		B3CC25451B17FD7E008693E5 /* Views */ = {
			isa = PBXGroup;
			children = (
			);
			name = Views;
			sourceTree = "<group>";
		};
		B3CC25461B17FD81008693E5 /* Controllers */ = {
			isa = PBXGroup;
			children = (
				B3CC25471B17FDAC008693E5 /* ZQMyChatViewController.h */,
				B3CC25481B17FDAC008693E5 /* ZQMyChatViewController.m */,
			);
			name = Controllers;
			sourceTree = "<group>";
		};
		B3CC25591B18061E008693E5 /* 更多子页面 */ = {
			isa = PBXGroup;
			children = (
				B3CC255E1B180652008693E5 /* 用户反馈 */,
				B3CC255D1B180649008693E5 /* 关于中企资源 */,
				B3CC255C1B180642008693E5 /* 版本更新 */,
				B3CC255B1B180639008693E5 /* 申请商圈奖励 */,
				B3CC255A1B18062F008693E5 /* 平台通告 */,
			);
			name = "更多子页面";
			sourceTree = "<group>";
		};
		B3CC255A1B18062F008693E5 /* 平台通告 */ = {
			isa = PBXGroup;
			children = (
				B3CC25601B180663008693E5 /* Controllers */,
				B3CC255F1B18065F008693E5 /* Views */,
			);
			name = "平台通告";
			sourceTree = "<group>";
		};
		B3CC255B1B180639008693E5 /* 申请商圈奖励 */ = {
			isa = PBXGroup;
			children = (
				B3CC25621B18066B008693E5 /* Controllers */,
				B3CC25611B180667008693E5 /* Views */,
			);
			name = "申请商圈奖励";
			sourceTree = "<group>";
		};
		B3CC255C1B180642008693E5 /* 版本更新 */ = {
			isa = PBXGroup;
			children = (
				B3CC25751B180785008693E5 /* Controllers */,
				B3CC25741B180780008693E5 /* Views */,
			);
			name = "版本更新";
			sourceTree = "<group>";
		};
		B3CC255D1B180649008693E5 /* 关于中企资源 */ = {
			isa = PBXGroup;
			children = (
				B3CC25641B180674008693E5 /* Controllers */,
				B3CC25631B180670008693E5 /* Views */,
			);
			name = "关于中企资源";
			sourceTree = "<group>";
		};
		B3CC255E1B180652008693E5 /* 用户反馈 */ = {
			isa = PBXGroup;
			children = (
				B3CC25661B18067B008693E5 /* Controllers */,
				B3CC25651B180677008693E5 /* Views */,
			);
			name = "用户反馈";
			sourceTree = "<group>";
		};
		B3CC255F1B18065F008693E5 /* Views */ = {
			isa = PBXGroup;
			children = (
			);
			name = Views;
			sourceTree = "<group>";
		};
		B3CC25601B180663008693E5 /* Controllers */ = {
			isa = PBXGroup;
			children = (
				B3CC25711B1806E9008693E5 /* ZQPlatformNotificationViewController.h */,
				B3CC25721B1806E9008693E5 /* ZQPlatformNotificationViewController.m */,
			);
			name = Controllers;
			sourceTree = "<group>";
		};
		B3CC25611B180667008693E5 /* Views */ = {
			isa = PBXGroup;
			children = (
			);
			name = Views;
			sourceTree = "<group>";
		};
		B3CC25621B18066B008693E5 /* Controllers */ = {
			isa = PBXGroup;
			children = (
				B3CC256D1B1806D8008693E5 /* ZQDistrictAwardViewController.h */,
				B3CC256E1B1806D8008693E5 /* ZQDistrictAwardViewController.m */,
			);
			name = Controllers;
			sourceTree = "<group>";
		};
		B3CC25631B180670008693E5 /* Views */ = {
			isa = PBXGroup;
			children = (
			);
			name = Views;
			sourceTree = "<group>";
		};
		B3CC25641B180674008693E5 /* Controllers */ = {
			isa = PBXGroup;
			children = (
				B3CC256A1B1806AA008693E5 /* ZQAboutViewController.h */,
				B3CC256B1B1806AA008693E5 /* ZQAboutViewController.m */,
			);
			name = Controllers;
			sourceTree = "<group>";
		};
		B3CC25651B180677008693E5 /* Views */ = {
			isa = PBXGroup;
			children = (
			);
			name = Views;
			sourceTree = "<group>";
		};
		B3CC25661B18067B008693E5 /* Controllers */ = {
			isa = PBXGroup;
			children = (
				B3CC25671B18069D008693E5 /* ZQUserFeedbackViewController.h */,
				B3CC25681B18069D008693E5 /* ZQUserFeedbackViewController.m */,
			);
			name = Controllers;
			sourceTree = "<group>";
		};
		B3CC25741B180780008693E5 /* Views */ = {
			isa = PBXGroup;
			children = (
			);
			name = Views;
			sourceTree = "<group>";
		};
		B3CC25751B180785008693E5 /* Controllers */ = {
			isa = PBXGroup;
			children = (
				B3CC25761B1807A9008693E5 /* ZQVersionUpdateViewController.h */,
				B3CC25771B1807A9008693E5 /* ZQVersionUpdateViewController.m */,
			);
			name = Controllers;
			sourceTree = "<group>";
		};
		B3CC257D1B183B92008693E5 /* 顶部工具栏 */ = {
			isa = PBXGroup;
			children = (
				B3856BBE1B267F45009B3FAE /* 工具项 */,
				B37235061B212B0800B42AA6 /* 内容项 */,
				B3E67E1D1B1C36B000CBF447 /* 内容选择 */,
				B3E67E1C1B1C36A400CBF447 /* 工具条 */,
			);
			name = "顶部工具栏";
			sourceTree = "<group>";
		};
		B3CC25851B185511008693E5 /* 复选框按钮 */ = {
			isa = PBXGroup;
			children = (
				B3CC258C1B185DB7008693E5 /* ZQCheckBox.h */,
				B3CC258D1B185DB7008693E5 /* ZQCheckBox.m */,
			);
			name = "复选框按钮";
			sourceTree = "<group>";
		};
		B3D1E7121B14756E005C14D9 /* 主页 */ = {
			isa = PBXGroup;
			children = (
				B3F6C3D01B155285000313C7 /* ZQTabBarViewController.h */,
				B3F6C3D11B155285000313C7 /* ZQTabBarViewController.m */,
				B3F6C3D61B155670000313C7 /* ZQMainViewController.h */,
				B3F6C3D71B155670000313C7 /* ZQMainViewController.m */,
			);
			name = "主页";
			sourceTree = "<group>";
		};
		B3D1E7131B147578005C14D9 /* 首页 */ = {
			isa = PBXGroup;
			children = (
				B3D1E7161B1475AD005C14D9 /* StartViewController.h */,
				B3D1E7171B1475AD005C14D9 /* StartViewController.m */,
			);
			name = "首页";
			sourceTree = "<group>";
		};
		B3D1E7141B147594005C14D9 /* 用户中心 */ = {
			isa = PBXGroup;
			children = (
				B3D1E7191B14761C005C14D9 /* UserViewController.h */,
				B3D1E71A1B14761C005C14D9 /* UserViewController.m */,
			);
			name = "用户中心";
			sourceTree = "<group>";
		};
		B3D1E7151B14759B005C14D9 /* 更多 */ = {
			isa = PBXGroup;
			children = (
				B3D1E71C1B147623005C14D9 /* MoreViewController.h */,
				B3D1E71D1B147623005C14D9 /* MoreViewController.m */,
			);
			name = "更多";
			sourceTree = "<group>";
		};
		B3E67E141B1BF6C000CBF447 /* 企业资源列表 */ = {
			isa = PBXGroup;
			children = (
				B3CC25891B185B12008693E5 /* ZQEnterpriseTableViewCell.h */,
				B3CC258A1B185B12008693E5 /* ZQEnterpriseTableViewCell.m */,
			);
			name = "企业资源列表";
			sourceTree = "<group>";
		};
		B3E67E151B1C0D2100CBF447 /* 类型选择视图 */ = {
			isa = PBXGroup;
			children = (
				B3E67E191B1C0DF800CBF447 /* ZQTypeChooseAlertViewController.h */,
				B3E67E1A1B1C0DF800CBF447 /* ZQTypeChooseAlertViewController.m */,
			);
			name = "类型选择视图";
			sourceTree = "<group>";
		};
		B3E67E1C1B1C36A400CBF447 /* 工具条 */ = {
			isa = PBXGroup;
			children = (
				B3CC257E1B183C43008693E5 /* ZQToolBar.h */,
				B3CC257F1B183C43008693E5 /* ZQToolBar.m */,
			);
			name = "工具条";
			sourceTree = "<group>";
		};
		B3E67E1D1B1C36B000CBF447 /* 内容选择 */ = {
			isa = PBXGroup;
			children = (
				B35AD5081B2043B000AFC6BB /* ZQFilterView.h */,
				B35AD5091B2043B000AFC6BB /* ZQFilterView.m */,
			);
			name = "内容选择";
			sourceTree = "<group>";
		};
		B3E67E211B1C542400CBF447 /* 企业介绍 */ = {
			isa = PBXGroup;
			children = (
				B3E67E221B1C545700CBF447 /* ZQEnterpriseIntroductionViewController.h */,
				B3E67E231B1C545700CBF447 /* ZQEnterpriseIntroductionViewController.m */,
			);
			name = "企业介绍";
			sourceTree = "<group>";
		};
		B3E67E251B1C56F200CBF447 /* 企业简介表格 */ = {
			isa = PBXGroup;
			children = (
				B3E67E261B1C573800CBF447 /* ZQEnterpriseIntroductionTableViewCell.h */,
				B3E67E271B1C573800CBF447 /* ZQEnterpriseIntroductionTableViewCell.m */,
			);
			name = "企业简介表格";
			sourceTree = "<group>";
		};
		B3F9B8651B1D7C7900E1B215 /* 星级评分控件 */ = {
			isa = PBXGroup;
			children = (
				B3F9B8661B1D7C8900E1B215 /* ZQStarRatingView.h */,
				B3F9B8671B1D7C8900E1B215 /* ZQStarRatingView.m */,
			);
			name = "星级评分控件";
			sourceTree = "<group>";
		};
		B3F9B8691B1D93BF00E1B215 /* 企业资源信息发布表格 */ = {
			isa = PBXGroup;
			children = (
				B3F9B86A1B1D944900E1B215 /* ZQEntRscDistributeTableViewCell.h */,
				B3F9B86B1B1D944900E1B215 /* ZQEntRscDistributeTableViewCell.m */,
			);
			name = "企业资源信息发布表格";
			sourceTree = "<group>";
		};
		B3F9B8701B1DAA3800E1B215 /* 加载更多 */ = {
			isa = PBXGroup;
			children = (
				B3F9B86D1B1DA57A00E1B215 /* ZQLoadMoreView.h */,
				B3F9B86E1B1DA57A00E1B215 /* ZQLoadMoreView.m */,
			);
			name = "加载更多";
			sourceTree = "<group>";
		};
		B3F9B8711B1DAA5B00E1B215 /* 主控制器 */ = {
			isa = PBXGroup;
			children = (
				B3CC25291B17F53F008693E5 /* ZQSpecialSupportViewController.h */,
				B3CC252A1B17F53F008693E5 /* ZQSpecialSupportViewController.m */,
			);
			name = "主控制器";
			sourceTree = "<group>";
		};
		B3F9B8721B1DB54800E1B215 /* 专项扶持表格 */ = {
			isa = PBXGroup;
			children = (
				B3F9B8731B1DB57C00E1B215 /* ZQSpecialSupportTableViewCell.h */,
				B3F9B8741B1DB57C00E1B215 /* ZQSpecialSupportTableViewCell.m */,
			);
			name = "专项扶持表格";
			sourceTree = "<group>";
		};
/* End PBXGroup section */

/* Begin PBXNativeTarget section */
		B380DCB11B146C97003B0D53 /* 中企资源 */ = {
			isa = PBXNativeTarget;
			buildConfigurationList = B380DCD51B146C97003B0D53 /* Build configuration list for PBXNativeTarget "中企资源" */;
			buildPhases = (
				B380DCAE1B146C97003B0D53 /* Sources */,
				B380DCAF1B146C97003B0D53 /* Frameworks */,
				B380DCB01B146C97003B0D53 /* Resources */,
			);
			buildRules = (
			);
			dependencies = (
			);
			name = "中企资源";
			productName = "中企资源";
			productReference = B380DCB21B146C97003B0D53 /* 中企资源.app */;
			productType = "com.apple.product-type.application";
		};
		B380DCCA1B146C97003B0D53 /* 中企资源Tests */ = {
			isa = PBXNativeTarget;
			buildConfigurationList = B380DCD81B146C97003B0D53 /* Build configuration list for PBXNativeTarget "中企资源Tests" */;
			buildPhases = (
				B380DCC71B146C97003B0D53 /* Sources */,
				B380DCC81B146C97003B0D53 /* Frameworks */,
				B380DCC91B146C97003B0D53 /* Resources */,
			);
			buildRules = (
			);
			dependencies = (
				B380DCCD1B146C97003B0D53 /* PBXTargetDependency */,
			);
			name = "中企资源Tests";
			productName = "中企资源Tests";
			productReference = B380DCCB1B146C97003B0D53 /* 中企资源Tests.xctest */;
			productType = "com.apple.product-type.bundle.unit-test";
		};
/* End PBXNativeTarget section */

/* Begin PBXProject section */
		B380DCAA1B146C97003B0D53 /* Project object */ = {
			isa = PBXProject;
			attributes = {
				LastUpgradeCheck = 0630;
				ORGANIZATIONNAME = "王落凡";
				TargetAttributes = {
					B380DCB11B146C97003B0D53 = {
						CreatedOnToolsVersion = 6.3.2;
					};
					B380DCCA1B146C97003B0D53 = {
						CreatedOnToolsVersion = 6.3.2;
						TestTargetID = B380DCB11B146C97003B0D53;
					};
				};
			};
			buildConfigurationList = B380DCAD1B146C97003B0D53 /* Build configuration list for PBXProject "中企资源" */;
			compatibilityVersion = "Xcode 3.2";
			developmentRegion = English;
			hasScannedForEncodings = 0;
			knownRegions = (
				en,
				Base,
			);
			mainGroup = B380DCA91B146C97003B0D53;
			productRefGroup = B380DCB31B146C97003B0D53 /* Products */;
			projectDirPath = "";
			projectRoot = "";
			targets = (
				B380DCB11B146C97003B0D53 /* 中企资源 */,
				B380DCCA1B146C97003B0D53 /* 中企资源Tests */,
			);
		};
/* End PBXProject section */

/* Begin PBXResourcesBuildPhase section */
		B380DCB01B146C97003B0D53 /* Resources */ = {
			isa = PBXResourcesBuildPhase;
			buildActionMask = 2147483647;
			files = (
				B380DCC31B146C97003B0D53 /* Images.xcassets in Resources */,
				B34105591B16E71400C3A079 /* YuppySC-Regular.otf in Resources */,
			);
			runOnlyForDeploymentPostprocessing = 0;
		};
		B380DCC91B146C97003B0D53 /* Resources */ = {
			isa = PBXResourcesBuildPhase;
			buildActionMask = 2147483647;
			files = (
			);
			runOnlyForDeploymentPostprocessing = 0;
		};
/* End PBXResourcesBuildPhase section */

/* Begin PBXSourcesBuildPhase section */
		B380DCAE1B146C97003B0D53 /* Sources */ = {
			isa = PBXSourcesBuildPhase;
			buildActionMask = 2147483647;
			files = (
				B3CC25801B183C43008693E5 /* ZQToolBar.m in Sources */,
				B3CC25491B17FDAC008693E5 /* ZQMyChatViewController.m in Sources */,
				B34105711B17208F00C3A079 /* ZQBaseExitViewController.m in Sources */,
				B395C2971B1FDCEA00DAE944 /* ZQEnterpriseEvaluateCommentTableViewCell.m in Sources */,
				B31E664F1B1ED93700E70720 /* ZQEnterpriseEvaluateViewController.m in Sources */,
				B31E66431B1E99E400E70720 /* ZQBaseTableViewController.m in Sources */,
				B3E67E1B1B1C0DF800CBF447 /* ZQTypeChooseAlertViewController.m in Sources */,
				B3856BC11B267F5D009B3FAE /* ZQToolItem.m in Sources */,
				B31E665D1B1EF13400E70720 /* ZQEnterpriseDetailInfoTableViewCell.m in Sources */,
				B3F6C3D81B155670000313C7 /* ZQMainViewController.m in Sources */,
				B31E664C1B1EAD8500E70720 /* ZQTypeChooseView.m in Sources */,
				B31E66581B1EE8E300E70720 /* ZQEvaluateView.m in Sources */,
				B341659C1B15C44D00F9A8ED /* ZQCollectionContentView.m in Sources */,
				B3CC251F1B17F2E8008693E5 /* ZQDistrictResourceViewController.m in Sources */,
				B380DCBB1B146C97003B0D53 /* AppDelegate.m in Sources */,
				B31E66551B1EDEB700E70720 /* ZQDistrictPostViewController.m in Sources */,
				B3D1E71E1B147623005C14D9 /* MoreViewController.m in Sources */,
				B3E67E281B1C573800CBF447 /* ZQEnterpriseIntroductionTableViewCell.m in Sources */,
				B34105611B16F97300C3A079 /* LoginCompleteView.m in Sources */,
				B3CC258E1B185DB7008693E5 /* ZQCheckBox.m in Sources */,
				B34165901B15971400F9A8ED /* ZQNavigationViewController.m in Sources */,
				B3CC254F1B17FDDB008693E5 /* ZQMyDistributionViewController.m in Sources */,
				B3D1E71B1B14761C005C14D9 /* UserViewController.m in Sources */,
				B3D1E7331B147DE9005C14D9 /* CommAlgorithm.m in Sources */,
				B3CC258B1B185B12008693E5 /* ZQEnterpriseTableViewCell.m in Sources */,
				B367407C1B1BE71100E74338 /* ZQBatchSndReqInfoViewController.m in Sources */,
				B3CC25521B17FDE9008693E5 /* ZQMyNotificationViewController.m in Sources */,
				B32603571B217A92001142D5 /* ZQResponseLabel.m in Sources */,
				B3CC256C1B1806AA008693E5 /* ZQAboutViewController.m in Sources */,
				B3D1E7181B1475AD005C14D9 /* StartViewController.m in Sources */,
				B3CC25691B18069D008693E5 /* ZQUserFeedbackViewController.m in Sources */,
				B372350F1B214E7600B42AA6 /* ZQCommentBar.m in Sources */,
				B31E663F1B1E987D00E70720 /* ZQServiceAgencyTableViewCell.m in Sources */,
				B341055D1B16F35D00C3A079 /* ZQBaseViewController.m in Sources */,
				B3F9B8681B1D7C8900E1B215 /* ZQStarRatingView.m in Sources */,
				B37235091B212B2400B42AA6 /* ZQFilterButton.m in Sources */,
				B3CC252E1B17F578008693E5 /* ZQPolicyInterpretViewController.m in Sources */,
				B3E67E241B1C545700CBF447 /* ZQEnterpriseIntroductionViewController.m in Sources */,
				B31E66481B1EA13200E70720 /* ZQEnterpriseCommentViewController.m in Sources */,
				B3F6C3D21B155285000313C7 /* ZQTabBarViewController.m in Sources */,
				B3F9B86C1B1D944900E1B215 /* ZQEntRscDistributeTableViewCell.m in Sources */,
				B341056D1B17206100C3A079 /* ZQEnterpriseResourceViewController.m in Sources */,
				B35AD50A1B2043B000AFC6BB /* ZQFilterView.m in Sources */,
				B34105521B16A32900C3A079 /* ZQRecommendTableViewCell.m in Sources */,
				B34105671B171CD500C3A079 /* ZQServiceAgencyViewController.m in Sources */,
				B3F9B86F1B1DA57A00E1B215 /* ZQLoadMoreView.m in Sources */,
				B32603531B21761E001142D5 /* ZQNewestTableViewCell.m in Sources */,
				B3CC25311B17F5A4008693E5 /* ZQExpertPulpitViewController.m in Sources */,
				B3F9B8751B1DB57C00E1B215 /* ZQSpecialSupportTableViewCell.m in Sources */,
				B3CC25731B1806E9008693E5 /* ZQPlatformNotificationViewController.m in Sources */,
				B380DCB81B146C97003B0D53 /* main.m in Sources */,
				B34165941B15A39700F9A8ED /* ZQPageControl.m in Sources */,
				B3CC25581B17FE07008693E5 /* ZQPlatformGuideViewController.m in Sources */,
				B3CC252B1B17F53F008693E5 /* ZQSpecialSupportViewController.m in Sources */,
				B3CC25781B1807A9008693E5 /* ZQVersionUpdateViewController.m in Sources */,
				B31E663B1B1E96EE00E70720 /* ZQBaseTableViewCell.m in Sources */,
				B3CC254C1B17FDB6008693E5 /* ZQMyAttentionViewController.m in Sources */,
				B3CC25551B17FDFB008693E5 /* ZQResourceInfoViewController.m in Sources */,
				B3F6C3D51B155357000313C7 /* ZQTabBarItem.m in Sources */,
				B3CC256F1B1806D8008693E5 /* ZQDistrictAwardViewController.m in Sources */,
			);
			runOnlyForDeploymentPostprocessing = 0;
		};
		B380DCC71B146C97003B0D53 /* Sources */ = {
			isa = PBXSourcesBuildPhase;
			buildActionMask = 2147483647;
			files = (
				B380DCD21B146C97003B0D53 /* ____Tests.m in Sources */,
			);
			runOnlyForDeploymentPostprocessing = 0;
		};
/* End PBXSourcesBuildPhase section */

/* Begin PBXTargetDependency section */
		B380DCCD1B146C97003B0D53 /* PBXTargetDependency */ = {
			isa = PBXTargetDependency;
			target = B380DCB11B146C97003B0D53 /* 中企资源 */;
			targetProxy = B380DCCC1B146C97003B0D53 /* PBXContainerItemProxy */;
		};
/* End PBXTargetDependency section */

/* Begin XCBuildConfiguration section */
		B380DCD31B146C97003B0D53 /* Debug */ = {
			isa = XCBuildConfiguration;
			buildSettings = {
				ALWAYS_SEARCH_USER_PATHS = NO;
				CLANG_CXX_LANGUAGE_STANDARD = "gnu++0x";
				CLANG_CXX_LIBRARY = "libc++";
				CLANG_ENABLE_MODULES = YES;
				CLANG_ENABLE_OBJC_ARC = YES;
				CLANG_WARN_BOOL_CONVERSION = YES;
				CLANG_WARN_CONSTANT_CONVERSION = YES;
				CLANG_WARN_DIRECT_OBJC_ISA_USAGE = YES_ERROR;
				CLANG_WARN_EMPTY_BODY = YES;
				CLANG_WARN_ENUM_CONVERSION = YES;
				CLANG_WARN_INT_CONVERSION = YES;
				CLANG_WARN_OBJC_ROOT_CLASS = YES_ERROR;
				CLANG_WARN_UNREACHABLE_CODE = YES;
				CLANG_WARN__DUPLICATE_METHOD_MATCH = YES;
				"CODE_SIGN_IDENTITY[sdk=iphoneos*]" = "iPhone Developer";
				COPY_PHASE_STRIP = NO;
				DEBUG_INFORMATION_FORMAT = "dwarf-with-dsym";
				ENABLE_STRICT_OBJC_MSGSEND = YES;
				GCC_C_LANGUAGE_STANDARD = gnu99;
				GCC_DYNAMIC_NO_PIC = NO;
				GCC_NO_COMMON_BLOCKS = YES;
				GCC_OPTIMIZATION_LEVEL = 0;
				GCC_PREPROCESSOR_DEFINITIONS = (
					"DEBUG=1",
					"$(inherited)",
				);
				GCC_SYMBOLS_PRIVATE_EXTERN = NO;
				GCC_WARN_64_TO_32_BIT_CONVERSION = YES;
				GCC_WARN_ABOUT_RETURN_TYPE = YES_ERROR;
				GCC_WARN_UNDECLARED_SELECTOR = YES;
				GCC_WARN_UNINITIALIZED_AUTOS = YES_AGGRESSIVE;
				GCC_WARN_UNUSED_FUNCTION = YES;
				GCC_WARN_UNUSED_VARIABLE = YES;
				IPHONEOS_DEPLOYMENT_TARGET = 8.3;
				MTL_ENABLE_DEBUG_INFO = YES;
				ONLY_ACTIVE_ARCH = YES;
				SDKROOT = iphoneos;
			};
			name = Debug;
		};
		B380DCD41B146C97003B0D53 /* Release */ = {
			isa = XCBuildConfiguration;
			buildSettings = {
				ALWAYS_SEARCH_USER_PATHS = NO;
				CLANG_CXX_LANGUAGE_STANDARD = "gnu++0x";
				CLANG_CXX_LIBRARY = "libc++";
				CLANG_ENABLE_MODULES = YES;
				CLANG_ENABLE_OBJC_ARC = YES;
				CLANG_WARN_BOOL_CONVERSION = YES;
				CLANG_WARN_CONSTANT_CONVERSION = YES;
				CLANG_WARN_DIRECT_OBJC_ISA_USAGE = YES_ERROR;
				CLANG_WARN_EMPTY_BODY = YES;
				CLANG_WARN_ENUM_CONVERSION = YES;
				CLANG_WARN_INT_CONVERSION = YES;
				CLANG_WARN_OBJC_ROOT_CLASS = YES_ERROR;
				CLANG_WARN_UNREACHABLE_CODE = YES;
				CLANG_WARN__DUPLICATE_METHOD_MATCH = YES;
				"CODE_SIGN_IDENTITY[sdk=iphoneos*]" = "iPhone Developer";
				COPY_PHASE_STRIP = NO;
				DEBUG_INFORMATION_FORMAT = "dwarf-with-dsym";
				ENABLE_NS_ASSERTIONS = NO;
				ENABLE_STRICT_OBJC_MSGSEND = YES;
				GCC_C_LANGUAGE_STANDARD = gnu99;
				GCC_NO_COMMON_BLOCKS = YES;
				GCC_WARN_64_TO_32_BIT_CONVERSION = YES;
				GCC_WARN_ABOUT_RETURN_TYPE = YES_ERROR;
				GCC_WARN_UNDECLARED_SELECTOR = YES;
				GCC_WARN_UNINITIALIZED_AUTOS = YES_AGGRESSIVE;
				GCC_WARN_UNUSED_FUNCTION = YES;
				GCC_WARN_UNUSED_VARIABLE = YES;
				IPHONEOS_DEPLOYMENT_TARGET = 8.3;
				MTL_ENABLE_DEBUG_INFO = NO;
				SDKROOT = iphoneos;
				VALIDATE_PRODUCT = YES;
			};
			name = Release;
		};
		B380DCD61B146C97003B0D53 /* Debug */ = {
			isa = XCBuildConfiguration;
			buildSettings = {
				ASSETCATALOG_COMPILER_APPICON_NAME = AppIcon;
				ASSETCATALOG_COMPILER_LAUNCHIMAGE_NAME = LaunchImage;
				CODE_SIGN_IDENTITY = "iPhone Developer: Wang Yuxiang (N9825STN63)";
				GCC_PRECOMPILE_PREFIX_HEADER = YES;
				GCC_PREFIX_HEADER = "$(SRCROOT)/中企资源/中企资源-prefix.pch";
				INFOPLIST_FILE = "中企资源/Info.plist";
				IPHONEOS_DEPLOYMENT_TARGET = 8.3;
				LD_RUNPATH_SEARCH_PATHS = "$(inherited) @executable_path/Frameworks";
				PRODUCT_NAME = "$(TARGET_NAME)";
			};
			name = Debug;
		};
		B380DCD71B146C97003B0D53 /* Release */ = {
			isa = XCBuildConfiguration;
			buildSettings = {
				ASSETCATALOG_COMPILER_APPICON_NAME = AppIcon;
				ASSETCATALOG_COMPILER_LAUNCHIMAGE_NAME = LaunchImage;
				CODE_SIGN_IDENTITY = "iPhone Developer: Wang Yuxiang (N9825STN63)";
				GCC_PRECOMPILE_PREFIX_HEADER = YES;
				GCC_PREFIX_HEADER = "$(SRCROOT)/中企资源/中企资源-prefix.pch";
				INFOPLIST_FILE = "中企资源/Info.plist";
				IPHONEOS_DEPLOYMENT_TARGET = 8.3;
				LD_RUNPATH_SEARCH_PATHS = "$(inherited) @executable_path/Frameworks";
				PRODUCT_NAME = "$(TARGET_NAME)";
			};
			name = Release;
		};
		B380DCD91B146C97003B0D53 /* Debug */ = {
			isa = XCBuildConfiguration;
			buildSettings = {
				BUNDLE_LOADER = "$(TEST_HOST)";
				FRAMEWORK_SEARCH_PATHS = (
					"$(SDKROOT)/Developer/Library/Frameworks",
					"$(inherited)",
				);
				GCC_PREPROCESSOR_DEFINITIONS = (
					"DEBUG=1",
					"$(inherited)",
				);
				INFOPLIST_FILE = "中企资源Tests/Info.plist";
				LD_RUNPATH_SEARCH_PATHS = "$(inherited) @executable_path/Frameworks @loader_path/Frameworks";
				PRODUCT_NAME = "$(TARGET_NAME)";
				TEST_HOST = "$(BUILT_PRODUCTS_DIR)/中企资源.app/中企资源";
			};
			name = Debug;
		};
		B380DCDA1B146C97003B0D53 /* Release */ = {
			isa = XCBuildConfiguration;
			buildSettings = {
				BUNDLE_LOADER = "$(TEST_HOST)";
				FRAMEWORK_SEARCH_PATHS = (
					"$(SDKROOT)/Developer/Library/Frameworks",
					"$(inherited)",
				);
				INFOPLIST_FILE = "中企资源Tests/Info.plist";
				LD_RUNPATH_SEARCH_PATHS = "$(inherited) @executable_path/Frameworks @loader_path/Frameworks";
				PRODUCT_NAME = "$(TARGET_NAME)";
				TEST_HOST = "$(BUILT_PRODUCTS_DIR)/中企资源.app/中企资源";
			};
			name = Release;
		};
/* End XCBuildConfiguration section */

/* Begin XCConfigurationList section */
		B380DCAD1B146C97003B0D53 /* Build configuration list for PBXProject "中企资源" */ = {
			isa = XCConfigurationList;
			buildConfigurations = (
				B380DCD31B146C97003B0D53 /* Debug */,
				B380DCD41B146C97003B0D53 /* Release */,
			);
			defaultConfigurationIsVisible = 0;
			defaultConfigurationName = Release;
		};
		B380DCD51B146C97003B0D53 /* Build configuration list for PBXNativeTarget "中企资源" */ = {
			isa = XCConfigurationList;
			buildConfigurations = (
				B380DCD61B146C97003B0D53 /* Debug */,
				B380DCD71B146C97003B0D53 /* Release */,
			);
			defaultConfigurationIsVisible = 0;
			defaultConfigurationName = Release;
		};
		B380DCD81B146C97003B0D53 /* Build configuration list for PBXNativeTarget "中企资源Tests" */ = {
			isa = XCConfigurationList;
			buildConfigurations = (
				B380DCD91B146C97003B0D53 /* Debug */,
				B380DCDA1B146C97003B0D53 /* Release */,
			);
			defaultConfigurationIsVisible = 0;
			defaultConfigurationName = Release;
		};
/* End XCConfigurationList section */
	};
	rootObject = B380DCAA1B146C97003B0D53 /* Project object */;
}
